// !$*UTF8*$!
{
	archiveVersion = 1;
	classes = {
	};
	objectVersion = 46;
	objects = {

/* Begin PBXBuildFile section */
		8422378F1CAAF57E00745C3B /* MenuTableViewController.m in Sources */ = {isa = PBXBuildFile; fileRef = 8422378E1CAAF57E00745C3B /* MenuTableViewController.m */; settings = {ASSET_TAGS = (); }; };
		842237931CAAF5B300745C3B /* SWRevealViewController.m in Sources */ = {isa = PBXBuildFile; fileRef = 842237921CAAF5B300745C3B /* SWRevealViewController.m */; settings = {ASSET_TAGS = (); }; };
		8432230C1C5D269D009D21D2 /* API.m in Sources */ = {isa = PBXBuildFile; fileRef = 8432230B1C5D269D009D21D2 /* API.m */; settings = {ASSET_TAGS = (); }; };
		843BEBAE1CAAF87A00EC485C /* Main.storyboard in Resources */ = {isa = PBXBuildFile; fileRef = 843BEBAC1CAAF87A00EC485C /* Main.storyboard */; settings = {ASSET_TAGS = (); }; };
		84DBEBCE1C62162700D42B7E /* UserDataController.m in Sources */ = {isa = PBXBuildFile; fileRef = 84DBEBCD1C62162700D42B7E /* UserDataController.m */; settings = {ASSET_TAGS = (); }; };
		84E01AA21C67E01100B502F8 /* ResultDataController.m in Sources */ = {isa = PBXBuildFile; fileRef = 84E01AA11C67E01100B502F8 /* ResultDataController.m */; settings = {ASSET_TAGS = (); }; };
		84E01AA51C67E04B00B502F8 /* DataController.m in Sources */ = {isa = PBXBuildFile; fileRef = 84E01AA41C67E04B00B502F8 /* DataController.m */; settings = {ASSET_TAGS = (); }; };
		84E1B3081C5F9F780041EA86 /* ResultTableViewController.m in Sources */ = {isa = PBXBuildFile; fileRef = 84E1B3071C5F9F780041EA86 /* ResultTableViewController.m */; settings = {ASSET_TAGS = (); }; };
		84E1B30B1C5FA6620041EA86 /* SignupViewController.m in Sources */ = {isa = PBXBuildFile; fileRef = 84E1B30A1C5FA6620041EA86 /* SignupViewController.m */; settings = {ASSET_TAGS = (); }; };
		84E24CBA1CAE7A6D00090044 /* Sync.m in Sources */ = {isa = PBXBuildFile; fileRef = 84E24CB91CAE7A6D00090044 /* Sync.m */; settings = {ASSET_TAGS = (); }; };
		84E24CC41CAE7D1800090044 /* SyncDownload.m in Sources */ = {isa = PBXBuildFile; fileRef = 84E24CC31CAE7D1800090044 /* SyncDownload.m */; settings = {ASSET_TAGS = (); }; };
		84E24CC71CAE7D2400090044 /* SyncUpload.m in Sources */ = {isa = PBXBuildFile; fileRef = 84E24CC61CAE7D2400090044 /* SyncUpload.m */; settings = {ASSET_TAGS = (); }; };
		84E298B01C4CF4A000DF48B2 /* main.m in Sources */ = {isa = PBXBuildFile; fileRef = 84E298AF1C4CF4A000DF48B2 /* main.m */; };
		84E298B31C4CF4A000DF48B2 /* DayByDayAppDelegate.m in Sources */ = {isa = PBXBuildFile; fileRef = 84E298B21C4CF4A000DF48B2 /* DayByDayAppDelegate.m */; };
		84E298B61C4CF4A000DF48B2 /* LoginViewController.m in Sources */ = {isa = PBXBuildFile; fileRef = 84E298B51C4CF4A000DF48B2 /* LoginViewController.m */; };
		84E298BC1C4CF4A000DF48B2 /* DayByDay.xcdatamodeld in Sources */ = {isa = PBXBuildFile; fileRef = 84E298BA1C4CF4A000DF48B2 /* DayByDay.xcdatamodeld */; };
		84E298BE1C4CF4A000DF48B2 /* Assets.xcassets in Resources */ = {isa = PBXBuildFile; fileRef = 84E298BD1C4CF4A000DF48B2 /* Assets.xcassets */; };
		84E298C11C4CF4A000DF48B2 /* LaunchScreen.storyboard in Resources */ = {isa = PBXBuildFile; fileRef = 84E298BF1C4CF4A000DF48B2 /* LaunchScreen.storyboard */; };
		84E458E41C5D183400779E3F /* Constants.m in Sources */ = {isa = PBXBuildFile; fileRef = 84E458E31C5D183400779E3F /* Constants.m */; settings = {ASSET_TAGS = (); }; };
		84E594C61CB12ACE00D586AC /* Users+CoreDataProperties.m in Sources */ = {isa = PBXBuildFile; fileRef = 84E594C31CB12ACE00D586AC /* Users+CoreDataProperties.m */; settings = {ASSET_TAGS = (); }; };
		84E594C71CB12ACE00D586AC /* Users.m in Sources */ = {isa = PBXBuildFile; fileRef = 84E594C51CB12ACE00D586AC /* Users.m */; settings = {ASSET_TAGS = (); }; };
		84E595101CB19B0900D586AC /* HotSpotActivities+CoreDataProperties.m in Sources */ = {isa = PBXBuildFile; fileRef = 84E594C91CB19B0800D586AC /* HotSpotActivities+CoreDataProperties.m */; settings = {ASSET_TAGS = (); }; };
		84E595111CB19B0900D586AC /* HotSpotActivities.m in Sources */ = {isa = PBXBuildFile; fileRef = 84E594CB1CB19B0800D586AC /* HotSpotActivities.m */; settings = {ASSET_TAGS = (); }; };
		84E595121CB19B0900D586AC /* HotSpotCategoriesDefault+CoreDataProperties.m in Sources */ = {isa = PBXBuildFile; fileRef = 84E594CD1CB19B0800D586AC /* HotSpotCategoriesDefault+CoreDataProperties.m */; settings = {ASSET_TAGS = (); }; };
		84E595131CB19B0900D586AC /* HotSpotCategoriesDefault.m in Sources */ = {isa = PBXBuildFile; fileRef = 84E594CF1CB19B0800D586AC /* HotSpotCategoriesDefault.m */; settings = {ASSET_TAGS = (); }; };
		84E595141CB19B0900D586AC /* Tags+CoreDataProperties.m in Sources */ = {isa = PBXBuildFile; fileRef = 84E594D11CB19B0800D586AC /* Tags+CoreDataProperties.m */; settings = {ASSET_TAGS = (); }; };
		84E595151CB19B0900D586AC /* Tags.m in Sources */ = {isa = PBXBuildFile; fileRef = 84E594D31CB19B0800D586AC /* Tags.m */; settings = {ASSET_TAGS = (); }; };
		84E595161CB19B0900D586AC /* Locations+CoreDataProperties.m in Sources */ = {isa = PBXBuildFile; fileRef = 84E594D51CB19B0800D586AC /* Locations+CoreDataProperties.m */; settings = {ASSET_TAGS = (); }; };
		84E595171CB19B0900D586AC /* Locations.m in Sources */ = {isa = PBXBuildFile; fileRef = 84E594D71CB19B0800D586AC /* Locations.m */; settings = {ASSET_TAGS = (); }; };
		84E595181CB19B0900D586AC /* Users_SocialNetworks+CoreDataProperties.m in Sources */ = {isa = PBXBuildFile; fileRef = 84E594D91CB19B0800D586AC /* Users_SocialNetworks+CoreDataProperties.m */; settings = {ASSET_TAGS = (); }; };
		84E595191CB19B0900D586AC /* Users_SocialNetworks.m in Sources */ = {isa = PBXBuildFile; fileRef = 84E594DB1CB19B0800D586AC /* Users_SocialNetworks.m */; settings = {ASSET_TAGS = (); }; };
		84E5951A1CB19B0900D586AC /* Priorities+CoreDataProperties.m in Sources */ = {isa = PBXBuildFile; fileRef = 84E594DD1CB19B0800D586AC /* Priorities+CoreDataProperties.m */; settings = {ASSET_TAGS = (); }; };
		84E5951B1CB19B0900D586AC /* Priorities.m in Sources */ = {isa = PBXBuildFile; fileRef = 84E594DF1CB19B0800D586AC /* Priorities.m */; settings = {ASSET_TAGS = (); }; };
		84E5951C1CB19B0900D586AC /* HotSpotCategories+CoreDataProperties.m in Sources */ = {isa = PBXBuildFile; fileRef = 84E594E11CB19B0800D586AC /* HotSpotCategories+CoreDataProperties.m */; settings = {ASSET_TAGS = (); }; };
		84E5951D1CB19B0900D586AC /* HotSpotCategories.m in Sources */ = {isa = PBXBuildFile; fileRef = 84E594E31CB19B0800D586AC /* HotSpotCategories.m */; settings = {ASSET_TAGS = (); }; };
		84E5951E1CB19B0900D586AC /* Qualities+CoreDataProperties.m in Sources */ = {isa = PBXBuildFile; fileRef = 84E594E51CB19B0800D586AC /* Qualities+CoreDataProperties.m */; settings = {ASSET_TAGS = (); }; };
		84E5951F1CB19B0900D586AC /* Qualities.m in Sources */ = {isa = PBXBuildFile; fileRef = 84E594E71CB19B0800D586AC /* Qualities.m */; settings = {ASSET_TAGS = (); }; };
		84E595201CB19B0900D586AC /* Energies+CoreDataProperties.m in Sources */ = {isa = PBXBuildFile; fileRef = 84E594E91CB19B0800D586AC /* Energies+CoreDataProperties.m */; settings = {ASSET_TAGS = (); }; };
		84E595211CB19B0900D586AC /* Energies.m in Sources */ = {isa = PBXBuildFile; fileRef = 84E594EB1CB19B0800D586AC /* Energies.m */; settings = {ASSET_TAGS = (); }; };
		84E595221CB19B0900D586AC /* HotSpots+CoreDataProperties.m in Sources */ = {isa = PBXBuildFile; fileRef = 84E594ED1CB19B0800D586AC /* HotSpots+CoreDataProperties.m */; settings = {ASSET_TAGS = (); }; };
		84E595231CB19B0900D586AC /* HotSpots.m in Sources */ = {isa = PBXBuildFile; fileRef = 84E594EF1CB19B0800D586AC /* HotSpots.m */; settings = {ASSET_TAGS = (); }; };
		84E595241CB19B0900D586AC /* PeriodTypes+CoreDataProperties.m in Sources */ = {isa = PBXBuildFile; fileRef = 84E594F11CB19B0800D586AC /* PeriodTypes+CoreDataProperties.m */; settings = {ASSET_TAGS = (); }; };
		84E595251CB19B0900D586AC /* PeriodTypes.m in Sources */ = {isa = PBXBuildFile; fileRef = 84E594F31CB19B0800D586AC /* PeriodTypes.m */; settings = {ASSET_TAGS = (); }; };
		84E595261CB19B0900D586AC /* Rates+CoreDataProperties.m in Sources */ = {isa = PBXBuildFile; fileRef = 84E594F51CB19B0800D586AC /* Rates+CoreDataProperties.m */; settings = {ASSET_TAGS = (); }; };
		84E595271CB19B0900D586AC /* Rates.m in Sources */ = {isa = PBXBuildFile; fileRef = 84E594F71CB19B0800D586AC /* Rates.m */; settings = {ASSET_TAGS = (); }; };
		84E595281CB19B0900D586AC /* References+CoreDataProperties.m in Sources */ = {isa = PBXBuildFile; fileRef = 84E594F91CB19B0800D586AC /* References+CoreDataProperties.m */; settings = {ASSET_TAGS = (); }; };
		84E595291CB19B0900D586AC /* References.m in Sources */ = {isa = PBXBuildFile; fileRef = 84E594FB1CB19B0800D586AC /* References.m */; settings = {ASSET_TAGS = (); }; };
		84E5952A1CB19B0900D586AC /* SocialNetworks+CoreDataProperties.m in Sources */ = {isa = PBXBuildFile; fileRef = 84E594FD1CB19B0800D586AC /* SocialNetworks+CoreDataProperties.m */; settings = {ASSET_TAGS = (); }; };
		84E5952B1CB19B0900D586AC /* SocialNetworks.m in Sources */ = {isa = PBXBuildFile; fileRef = 84E594FF1CB19B0800D586AC /* SocialNetworks.m */; settings = {ASSET_TAGS = (); }; };
		84E5952C1CB19B0900D586AC /* WeekLimits+CoreDataProperties.m in Sources */ = {isa = PBXBuildFile; fileRef = 84E595011CB19B0800D586AC /* WeekLimits+CoreDataProperties.m */; settings = {ASSET_TAGS = (); }; };
		84E5952D1CB19B0900D586AC /* WeekLimits.m in Sources */ = {isa = PBXBuildFile; fileRef = 84E595031CB19B0800D586AC /* WeekLimits.m */; settings = {ASSET_TAGS = (); }; };
		84E5952E1CB19B0900D586AC /* Difficulties+CoreDataProperties.m in Sources */ = {isa = PBXBuildFile; fileRef = 84E595051CB19B0800D586AC /* Difficulties+CoreDataProperties.m */; settings = {ASSET_TAGS = (); }; };
		84E5952F1CB19B0900D586AC /* Difficulties.m in Sources */ = {isa = PBXBuildFile; fileRef = 84E595071CB19B0800D586AC /* Difficulties.m */; settings = {ASSET_TAGS = (); }; };
		84E595301CB19B0900D586AC /* Results+CoreDataProperties.m in Sources */ = {isa = PBXBuildFile; fileRef = 84E595091CB19B0800D586AC /* Results+CoreDataProperties.m */; settings = {ASSET_TAGS = (); }; };
		84E595311CB19B0900D586AC /* Results.m in Sources */ = {isa = PBXBuildFile; fileRef = 84E5950B1CB19B0800D586AC /* Results.m */; settings = {ASSET_TAGS = (); }; };
		84E595321CB19B0900D586AC /* HotSpotActivitiesDefault+CoreDataProperties.m in Sources */ = {isa = PBXBuildFile; fileRef = 84E5950D1CB19B0800D586AC /* HotSpotActivitiesDefault+CoreDataProperties.m */; settings = {ASSET_TAGS = (); }; };
		84E595331CB19B0900D586AC /* HotSpotActivitiesDefault.m in Sources */ = {isa = PBXBuildFile; fileRef = 84E5950F1CB19B0800D586AC /* HotSpotActivitiesDefault.m */; settings = {ASSET_TAGS = (); }; };
		84EACB541C6A6FE5006F3E2A /* NewResultViewController.m in Sources */ = {isa = PBXBuildFile; fileRef = 84EACB531C6A6FE5006F3E2A /* NewResultViewController.m */; settings = {ASSET_TAGS = (); }; };
		91D7AB0D1F0C13D00EE6D5FD /* libPods-DayByDay.a in Frameworks */ = {isa = PBXBuildFile; fileRef = 142E5BEFE0FA1508F43EB9A2 /* libPods-DayByDay.a */; };
/* End PBXBuildFile section */

/* Begin PBXFileReference section */
		142E5BEFE0FA1508F43EB9A2 /* libPods-DayByDay.a */ = {isa = PBXFileReference; explicitFileType = archive.ar; includeInIndex = 0; path = "libPods-DayByDay.a"; sourceTree = BUILT_PRODUCTS_DIR; };
		4FC01156A13C2B148A912DDF /* Pods-DayByDay.debug.xcconfig */ = {isa = PBXFileReference; includeInIndex = 1; lastKnownFileType = text.xcconfig; name = "Pods-DayByDay.debug.xcconfig"; path = "Pods/Target Support Files/Pods-DayByDay/Pods-DayByDay.debug.xcconfig"; sourceTree = "<group>"; };
		8422378D1CAAF57E00745C3B /* MenuTableViewController.h */ = {isa = PBXFileReference; fileEncoding = 4; lastKnownFileType = sourcecode.c.h; path = MenuTableViewController.h; sourceTree = "<group>"; };
		8422378E1CAAF57E00745C3B /* MenuTableViewController.m */ = {isa = PBXFileReference; fileEncoding = 4; lastKnownFileType = sourcecode.c.objc; path = MenuTableViewController.m; sourceTree = "<group>"; };
		842237911CAAF5B300745C3B /* SWRevealViewController.h */ = {isa = PBXFileReference; fileEncoding = 4; lastKnownFileType = sourcecode.c.h; path = SWRevealViewController.h; sourceTree = "<group>"; };
		842237921CAAF5B300745C3B /* SWRevealViewController.m */ = {isa = PBXFileReference; fileEncoding = 4; lastKnownFileType = sourcecode.c.objc; path = SWRevealViewController.m; sourceTree = "<group>"; };
		8432230A1C5D269D009D21D2 /* API.h */ = {isa = PBXFileReference; fileEncoding = 4; lastKnownFileType = sourcecode.c.h; path = API.h; sourceTree = "<group>"; };
		8432230B1C5D269D009D21D2 /* API.m */ = {isa = PBXFileReference; fileEncoding = 4; lastKnownFileType = sourcecode.c.objc; path = API.m; sourceTree = "<group>"; };
		843BEBAD1CAAF87A00EC485C /* Base */ = {isa = PBXFileReference; lastKnownFileType = file.storyboard; name = Base; path = Base.lproj/Main.storyboard; sourceTree = "<group>"; };
		84DBEBCC1C62162700D42B7E /* UserDataController.h */ = {isa = PBXFileReference; fileEncoding = 4; lastKnownFileType = sourcecode.c.h; path = UserDataController.h; sourceTree = "<group>"; };
		84DBEBCD1C62162700D42B7E /* UserDataController.m */ = {isa = PBXFileReference; fileEncoding = 4; lastKnownFileType = sourcecode.c.objc; path = UserDataController.m; sourceTree = "<group>"; };
		84E01AA01C67E01100B502F8 /* ResultDataController.h */ = {isa = PBXFileReference; fileEncoding = 4; lastKnownFileType = sourcecode.c.h; path = ResultDataController.h; sourceTree = "<group>"; };
		84E01AA11C67E01100B502F8 /* ResultDataController.m */ = {isa = PBXFileReference; fileEncoding = 4; lastKnownFileType = sourcecode.c.objc; path = ResultDataController.m; sourceTree = "<group>"; };
		84E01AA31C67E04B00B502F8 /* DataController.h */ = {isa = PBXFileReference; fileEncoding = 4; lastKnownFileType = sourcecode.c.h; path = DataController.h; sourceTree = "<group>"; };
		84E01AA41C67E04B00B502F8 /* DataController.m */ = {isa = PBXFileReference; fileEncoding = 4; lastKnownFileType = sourcecode.c.objc; path = DataController.m; sourceTree = "<group>"; };
		84E1B3061C5F9F780041EA86 /* ResultTableViewController.h */ = {isa = PBXFileReference; fileEncoding = 4; lastKnownFileType = sourcecode.c.h; path = ResultTableViewController.h; sourceTree = "<group>"; };
		84E1B3071C5F9F780041EA86 /* ResultTableViewController.m */ = {isa = PBXFileReference; fileEncoding = 4; lastKnownFileType = sourcecode.c.objc; path = ResultTableViewController.m; sourceTree = "<group>"; };
		84E1B3091C5FA6620041EA86 /* SignupViewController.h */ = {isa = PBXFileReference; fileEncoding = 4; lastKnownFileType = sourcecode.c.h; path = SignupViewController.h; sourceTree = "<group>"; };
		84E1B30A1C5FA6620041EA86 /* SignupViewController.m */ = {isa = PBXFileReference; fileEncoding = 4; lastKnownFileType = sourcecode.c.objc; path = SignupViewController.m; sourceTree = "<group>"; };
		84E24CB81CAE7A6D00090044 /* Sync.h */ = {isa = PBXFileReference; fileEncoding = 4; lastKnownFileType = sourcecode.c.h; path = Sync.h; sourceTree = "<group>"; };
		84E24CB91CAE7A6D00090044 /* Sync.m */ = {isa = PBXFileReference; fileEncoding = 4; lastKnownFileType = sourcecode.c.objc; path = Sync.m; sourceTree = "<group>"; };
		84E24CC21CAE7D1800090044 /* SyncDownload.h */ = {isa = PBXFileReference; fileEncoding = 4; lastKnownFileType = sourcecode.c.h; path = SyncDownload.h; sourceTree = "<group>"; };
		84E24CC31CAE7D1800090044 /* SyncDownload.m */ = {isa = PBXFileReference; fileEncoding = 4; lastKnownFileType = sourcecode.c.objc; path = SyncDownload.m; sourceTree = "<group>"; };
		84E24CC51CAE7D2400090044 /* SyncUpload.h */ = {isa = PBXFileReference; fileEncoding = 4; lastKnownFileType = sourcecode.c.h; path = SyncUpload.h; sourceTree = "<group>"; };
		84E24CC61CAE7D2400090044 /* SyncUpload.m */ = {isa = PBXFileReference; fileEncoding = 4; lastKnownFileType = sourcecode.c.objc; path = SyncUpload.m; sourceTree = "<group>"; };
		84E298AB1C4CF4A000DF48B2 /* DayByDay.app */ = {isa = PBXFileReference; explicitFileType = wrapper.application; includeInIndex = 0; path = DayByDay.app; sourceTree = BUILT_PRODUCTS_DIR; };
		84E298AF1C4CF4A000DF48B2 /* main.m */ = {isa = PBXFileReference; lastKnownFileType = sourcecode.c.objc; path = main.m; sourceTree = "<group>"; };
		84E298B11C4CF4A000DF48B2 /* DayByDayAppDelegate.h */ = {isa = PBXFileReference; lastKnownFileType = sourcecode.c.h; path = DayByDayAppDelegate.h; sourceTree = "<group>"; };
		84E298B21C4CF4A000DF48B2 /* DayByDayAppDelegate.m */ = {isa = PBXFileReference; lastKnownFileType = sourcecode.c.objc; path = DayByDayAppDelegate.m; sourceTree = "<group>"; };
		84E298B41C4CF4A000DF48B2 /* LoginViewController.h */ = {isa = PBXFileReference; lastKnownFileType = sourcecode.c.h; path = LoginViewController.h; sourceTree = "<group>"; };
		84E298B51C4CF4A000DF48B2 /* LoginViewController.m */ = {isa = PBXFileReference; lastKnownFileType = sourcecode.c.objc; path = LoginViewController.m; sourceTree = "<group>"; };
		84E298BB1C4CF4A000DF48B2 /* DayByDay.xcdatamodel */ = {isa = PBXFileReference; lastKnownFileType = wrapper.xcdatamodel; path = DayByDay.xcdatamodel; sourceTree = "<group>"; };
		84E298BD1C4CF4A000DF48B2 /* Assets.xcassets */ = {isa = PBXFileReference; lastKnownFileType = folder.assetcatalog; path = Assets.xcassets; sourceTree = "<group>"; };
		84E298C01C4CF4A000DF48B2 /* Base */ = {isa = PBXFileReference; lastKnownFileType = file.storyboard; name = Base; path = Base.lproj/LaunchScreen.storyboard; sourceTree = "<group>"; };
		84E298C21C4CF4A000DF48B2 /* Info.plist */ = {isa = PBXFileReference; lastKnownFileType = text.plist.xml; path = Info.plist; sourceTree = "<group>"; };
		84E458E21C5D183400779E3F /* Constants.h */ = {isa = PBXFileReference; fileEncoding = 4; lastKnownFileType = sourcecode.c.h; path = Constants.h; sourceTree = "<group>"; };
		84E458E31C5D183400779E3F /* Constants.m */ = {isa = PBXFileReference; fileEncoding = 4; lastKnownFileType = sourcecode.c.objc; path = Constants.m; sourceTree = "<group>"; };
		84E594C21CB12ACE00D586AC /* Users+CoreDataProperties.h */ = {isa = PBXFileReference; fileEncoding = 4; lastKnownFileType = sourcecode.c.h; path = "Users+CoreDataProperties.h"; sourceTree = "<group>"; };
		84E594C31CB12ACE00D586AC /* Users+CoreDataProperties.m */ = {isa = PBXFileReference; fileEncoding = 4; lastKnownFileType = sourcecode.c.objc; path = "Users+CoreDataProperties.m"; sourceTree = "<group>"; };
		84E594C41CB12ACE00D586AC /* Users.h */ = {isa = PBXFileReference; fileEncoding = 4; lastKnownFileType = sourcecode.c.h; path = Users.h; sourceTree = "<group>"; };
		84E594C51CB12ACE00D586AC /* Users.m */ = {isa = PBXFileReference; fileEncoding = 4; lastKnownFileType = sourcecode.c.objc; path = Users.m; sourceTree = "<group>"; };
		84E594C81CB19B0800D586AC /* HotSpotActivities+CoreDataProperties.h */ = {isa = PBXFileReference; fileEncoding = 4; lastKnownFileType = sourcecode.c.h; path = "HotSpotActivities+CoreDataProperties.h"; sourceTree = "<group>"; };
		84E594C91CB19B0800D586AC /* HotSpotActivities+CoreDataProperties.m */ = {isa = PBXFileReference; fileEncoding = 4; lastKnownFileType = sourcecode.c.objc; path = "HotSpotActivities+CoreDataProperties.m"; sourceTree = "<group>"; };
		84E594CA1CB19B0800D586AC /* HotSpotActivities.h */ = {isa = PBXFileReference; fileEncoding = 4; lastKnownFileType = sourcecode.c.h; path = HotSpotActivities.h; sourceTree = "<group>"; };
		84E594CB1CB19B0800D586AC /* HotSpotActivities.m */ = {isa = PBXFileReference; fileEncoding = 4; lastKnownFileType = sourcecode.c.objc; path = HotSpotActivities.m; sourceTree = "<group>"; };
		84E594CC1CB19B0800D586AC /* HotSpotCategoriesDefault+CoreDataProperties.h */ = {isa = PBXFileReference; fileEncoding = 4; lastKnownFileType = sourcecode.c.h; path = "HotSpotCategoriesDefault+CoreDataProperties.h"; sourceTree = "<group>"; };
		84E594CD1CB19B0800D586AC /* HotSpotCategoriesDefault+CoreDataProperties.m */ = {isa = PBXFileReference; fileEncoding = 4; lastKnownFileType = sourcecode.c.objc; path = "HotSpotCategoriesDefault+CoreDataProperties.m"; sourceTree = "<group>"; };
		84E594CE1CB19B0800D586AC /* HotSpotCategoriesDefault.h */ = {isa = PBXFileReference; fileEncoding = 4; lastKnownFileType = sourcecode.c.h; path = HotSpotCategoriesDefault.h; sourceTree = "<group>"; };
		84E594CF1CB19B0800D586AC /* HotSpotCategoriesDefault.m */ = {isa = PBXFileReference; fileEncoding = 4; lastKnownFileType = sourcecode.c.objc; path = HotSpotCategoriesDefault.m; sourceTree = "<group>"; };
		84E594D01CB19B0800D586AC /* Tags+CoreDataProperties.h */ = {isa = PBXFileReference; fileEncoding = 4; lastKnownFileType = sourcecode.c.h; path = "Tags+CoreDataProperties.h"; sourceTree = "<group>"; };
		84E594D11CB19B0800D586AC /* Tags+CoreDataProperties.m */ = {isa = PBXFileReference; fileEncoding = 4; lastKnownFileType = sourcecode.c.objc; path = "Tags+CoreDataProperties.m"; sourceTree = "<group>"; };
		84E594D21CB19B0800D586AC /* Tags.h */ = {isa = PBXFileReference; fileEncoding = 4; lastKnownFileType = sourcecode.c.h; path = Tags.h; sourceTree = "<group>"; };
		84E594D31CB19B0800D586AC /* Tags.m */ = {isa = PBXFileReference; fileEncoding = 4; lastKnownFileType = sourcecode.c.objc; path = Tags.m; sourceTree = "<group>"; };
		84E594D41CB19B0800D586AC /* Locations+CoreDataProperties.h */ = {isa = PBXFileReference; fileEncoding = 4; lastKnownFileType = sourcecode.c.h; path = "Locations+CoreDataProperties.h"; sourceTree = "<group>"; };
		84E594D51CB19B0800D586AC /* Locations+CoreDataProperties.m */ = {isa = PBXFileReference; fileEncoding = 4; lastKnownFileType = sourcecode.c.objc; path = "Locations+CoreDataProperties.m"; sourceTree = "<group>"; };
		84E594D61CB19B0800D586AC /* Locations.h */ = {isa = PBXFileReference; fileEncoding = 4; lastKnownFileType = sourcecode.c.h; path = Locations.h; sourceTree = "<group>"; };
		84E594D71CB19B0800D586AC /* Locations.m */ = {isa = PBXFileReference; fileEncoding = 4; lastKnownFileType = sourcecode.c.objc; path = Locations.m; sourceTree = "<group>"; };
		84E594D81CB19B0800D586AC /* Users_SocialNetworks+CoreDataProperties.h */ = {isa = PBXFileReference; fileEncoding = 4; lastKnownFileType = sourcecode.c.h; path = "Users_SocialNetworks+CoreDataProperties.h"; sourceTree = "<group>"; };
		84E594D91CB19B0800D586AC /* Users_SocialNetworks+CoreDataProperties.m */ = {isa = PBXFileReference; fileEncoding = 4; lastKnownFileType = sourcecode.c.objc; path = "Users_SocialNetworks+CoreDataProperties.m"; sourceTree = "<group>"; };
		84E594DA1CB19B0800D586AC /* Users_SocialNetworks.h */ = {isa = PBXFileReference; fileEncoding = 4; lastKnownFileType = sourcecode.c.h; path = Users_SocialNetworks.h; sourceTree = "<group>"; };
		84E594DB1CB19B0800D586AC /* Users_SocialNetworks.m */ = {isa = PBXFileReference; fileEncoding = 4; lastKnownFileType = sourcecode.c.objc; path = Users_SocialNetworks.m; sourceTree = "<group>"; };
		84E594DC1CB19B0800D586AC /* Priorities+CoreDataProperties.h */ = {isa = PBXFileReference; fileEncoding = 4; lastKnownFileType = sourcecode.c.h; path = "Priorities+CoreDataProperties.h"; sourceTree = "<group>"; };
		84E594DD1CB19B0800D586AC /* Priorities+CoreDataProperties.m */ = {isa = PBXFileReference; fileEncoding = 4; lastKnownFileType = sourcecode.c.objc; path = "Priorities+CoreDataProperties.m"; sourceTree = "<group>"; };
		84E594DE1CB19B0800D586AC /* Priorities.h */ = {isa = PBXFileReference; fileEncoding = 4; lastKnownFileType = sourcecode.c.h; path = Priorities.h; sourceTree = "<group>"; };
		84E594DF1CB19B0800D586AC /* Priorities.m */ = {isa = PBXFileReference; fileEncoding = 4; lastKnownFileType = sourcecode.c.objc; path = Priorities.m; sourceTree = "<group>"; };
		84E594E01CB19B0800D586AC /* HotSpotCategories+CoreDataProperties.h */ = {isa = PBXFileReference; fileEncoding = 4; lastKnownFileType = sourcecode.c.h; path = "HotSpotCategories+CoreDataProperties.h"; sourceTree = "<group>"; };
		84E594E11CB19B0800D586AC /* HotSpotCategories+CoreDataProperties.m */ = {isa = PBXFileReference; fileEncoding = 4; lastKnownFileType = sourcecode.c.objc; path = "HotSpotCategories+CoreDataProperties.m"; sourceTree = "<group>"; };
		84E594E21CB19B0800D586AC /* HotSpotCategories.h */ = {isa = PBXFileReference; fileEncoding = 4; lastKnownFileType = sourcecode.c.h; path = HotSpotCategories.h; sourceTree = "<group>"; };
		84E594E31CB19B0800D586AC /* HotSpotCategories.m */ = {isa = PBXFileReference; fileEncoding = 4; lastKnownFileType = sourcecode.c.objc; path = HotSpotCategories.m; sourceTree = "<group>"; };
		84E594E41CB19B0800D586AC /* Qualities+CoreDataProperties.h */ = {isa = PBXFileReference; fileEncoding = 4; lastKnownFileType = sourcecode.c.h; path = "Qualities+CoreDataProperties.h"; sourceTree = "<group>"; };
		84E594E51CB19B0800D586AC /* Qualities+CoreDataProperties.m */ = {isa = PBXFileReference; fileEncoding = 4; lastKnownFileType = sourcecode.c.objc; path = "Qualities+CoreDataProperties.m"; sourceTree = "<group>"; };
		84E594E61CB19B0800D586AC /* Qualities.h */ = {isa = PBXFileReference; fileEncoding = 4; lastKnownFileType = sourcecode.c.h; path = Qualities.h; sourceTree = "<group>"; };
		84E594E71CB19B0800D586AC /* Qualities.m */ = {isa = PBXFileReference; fileEncoding = 4; lastKnownFileType = sourcecode.c.objc; path = Qualities.m; sourceTree = "<group>"; };
		84E594E81CB19B0800D586AC /* Energies+CoreDataProperties.h */ = {isa = PBXFileReference; fileEncoding = 4; lastKnownFileType = sourcecode.c.h; path = "Energies+CoreDataProperties.h"; sourceTree = "<group>"; };
		84E594E91CB19B0800D586AC /* Energies+CoreDataProperties.m */ = {isa = PBXFileReference; fileEncoding = 4; lastKnownFileType = sourcecode.c.objc; path = "Energies+CoreDataProperties.m"; sourceTree = "<group>"; };
		84E594EA1CB19B0800D586AC /* Energies.h */ = {isa = PBXFileReference; fileEncoding = 4; lastKnownFileType = sourcecode.c.h; path = Energies.h; sourceTree = "<group>"; };
		84E594EB1CB19B0800D586AC /* Energies.m */ = {isa = PBXFileReference; fileEncoding = 4; lastKnownFileType = sourcecode.c.objc; path = Energies.m; sourceTree = "<group>"; };
		84E594EC1CB19B0800D586AC /* HotSpots+CoreDataProperties.h */ = {isa = PBXFileReference; fileEncoding = 4; lastKnownFileType = sourcecode.c.h; path = "HotSpots+CoreDataProperties.h"; sourceTree = "<group>"; };
		84E594ED1CB19B0800D586AC /* HotSpots+CoreDataProperties.m */ = {isa = PBXFileReference; fileEncoding = 4; lastKnownFileType = sourcecode.c.objc; path = "HotSpots+CoreDataProperties.m"; sourceTree = "<group>"; };
		84E594EE1CB19B0800D586AC /* HotSpots.h */ = {isa = PBXFileReference; fileEncoding = 4; lastKnownFileType = sourcecode.c.h; path = HotSpots.h; sourceTree = "<group>"; };
		84E594EF1CB19B0800D586AC /* HotSpots.m */ = {isa = PBXFileReference; fileEncoding = 4; lastKnownFileType = sourcecode.c.objc; path = HotSpots.m; sourceTree = "<group>"; };
		84E594F01CB19B0800D586AC /* PeriodTypes+CoreDataProperties.h */ = {isa = PBXFileReference; fileEncoding = 4; lastKnownFileType = sourcecode.c.h; path = "PeriodTypes+CoreDataProperties.h"; sourceTree = "<group>"; };
		84E594F11CB19B0800D586AC /* PeriodTypes+CoreDataProperties.m */ = {isa = PBXFileReference; fileEncoding = 4; lastKnownFileType = sourcecode.c.objc; path = "PeriodTypes+CoreDataProperties.m"; sourceTree = "<group>"; };
		84E594F21CB19B0800D586AC /* PeriodTypes.h */ = {isa = PBXFileReference; fileEncoding = 4; lastKnownFileType = sourcecode.c.h; path = PeriodTypes.h; sourceTree = "<group>"; };
		84E594F31CB19B0800D586AC /* PeriodTypes.m */ = {isa = PBXFileReference; fileEncoding = 4; lastKnownFileType = sourcecode.c.objc; path = PeriodTypes.m; sourceTree = "<group>"; };
		84E594F41CB19B0800D586AC /* Rates+CoreDataProperties.h */ = {isa = PBXFileReference; fileEncoding = 4; lastKnownFileType = sourcecode.c.h; path = "Rates+CoreDataProperties.h"; sourceTree = "<group>"; };
		84E594F51CB19B0800D586AC /* Rates+CoreDataProperties.m */ = {isa = PBXFileReference; fileEncoding = 4; lastKnownFileType = sourcecode.c.objc; path = "Rates+CoreDataProperties.m"; sourceTree = "<group>"; };
		84E594F61CB19B0800D586AC /* Rates.h */ = {isa = PBXFileReference; fileEncoding = 4; lastKnownFileType = sourcecode.c.h; path = Rates.h; sourceTree = "<group>"; };
		84E594F71CB19B0800D586AC /* Rates.m */ = {isa = PBXFileReference; fileEncoding = 4; lastKnownFileType = sourcecode.c.objc; path = Rates.m; sourceTree = "<group>"; };
		84E594F81CB19B0800D586AC /* References+CoreDataProperties.h */ = {isa = PBXFileReference; fileEncoding = 4; lastKnownFileType = sourcecode.c.h; path = "References+CoreDataProperties.h"; sourceTree = "<group>"; };
		84E594F91CB19B0800D586AC /* References+CoreDataProperties.m */ = {isa = PBXFileReference; fileEncoding = 4; lastKnownFileType = sourcecode.c.objc; path = "References+CoreDataProperties.m"; sourceTree = "<group>"; };
		84E594FA1CB19B0800D586AC /* References.h */ = {isa = PBXFileReference; fileEncoding = 4; lastKnownFileType = sourcecode.c.h; path = References.h; sourceTree = "<group>"; };
		84E594FB1CB19B0800D586AC /* References.m */ = {isa = PBXFileReference; fileEncoding = 4; lastKnownFileType = sourcecode.c.objc; path = References.m; sourceTree = "<group>"; };
		84E594FC1CB19B0800D586AC /* SocialNetworks+CoreDataProperties.h */ = {isa = PBXFileReference; fileEncoding = 4; lastKnownFileType = sourcecode.c.h; path = "SocialNetworks+CoreDataProperties.h"; sourceTree = "<group>"; };
		84E594FD1CB19B0800D586AC /* SocialNetworks+CoreDataProperties.m */ = {isa = PBXFileReference; fileEncoding = 4; lastKnownFileType = sourcecode.c.objc; path = "SocialNetworks+CoreDataProperties.m"; sourceTree = "<group>"; };
		84E594FE1CB19B0800D586AC /* SocialNetworks.h */ = {isa = PBXFileReference; fileEncoding = 4; lastKnownFileType = sourcecode.c.h; path = SocialNetworks.h; sourceTree = "<group>"; };
		84E594FF1CB19B0800D586AC /* SocialNetworks.m */ = {isa = PBXFileReference; fileEncoding = 4; lastKnownFileType = sourcecode.c.objc; path = SocialNetworks.m; sourceTree = "<group>"; };
		84E595001CB19B0800D586AC /* WeekLimits+CoreDataProperties.h */ = {isa = PBXFileReference; fileEncoding = 4; lastKnownFileType = sourcecode.c.h; path = "WeekLimits+CoreDataProperties.h"; sourceTree = "<group>"; };
		84E595011CB19B0800D586AC /* WeekLimits+CoreDataProperties.m */ = {isa = PBXFileReference; fileEncoding = 4; lastKnownFileType = sourcecode.c.objc; path = "WeekLimits+CoreDataProperties.m"; sourceTree = "<group>"; };
		84E595021CB19B0800D586AC /* WeekLimits.h */ = {isa = PBXFileReference; fileEncoding = 4; lastKnownFileType = sourcecode.c.h; path = WeekLimits.h; sourceTree = "<group>"; };
		84E595031CB19B0800D586AC /* WeekLimits.m */ = {isa = PBXFileReference; fileEncoding = 4; lastKnownFileType = sourcecode.c.objc; path = WeekLimits.m; sourceTree = "<group>"; };
		84E595041CB19B0800D586AC /* Difficulties+CoreDataProperties.h */ = {isa = PBXFileReference; fileEncoding = 4; lastKnownFileType = sourcecode.c.h; path = "Difficulties+CoreDataProperties.h"; sourceTree = "<group>"; };
		84E595051CB19B0800D586AC /* Difficulties+CoreDataProperties.m */ = {isa = PBXFileReference; fileEncoding = 4; lastKnownFileType = sourcecode.c.objc; path = "Difficulties+CoreDataProperties.m"; sourceTree = "<group>"; };
		84E595061CB19B0800D586AC /* Difficulties.h */ = {isa = PBXFileReference; fileEncoding = 4; lastKnownFileType = sourcecode.c.h; path = Difficulties.h; sourceTree = "<group>"; };
		84E595071CB19B0800D586AC /* Difficulties.m */ = {isa = PBXFileReference; fileEncoding = 4; lastKnownFileType = sourcecode.c.objc; path = Difficulties.m; sourceTree = "<group>"; };
		84E595081CB19B0800D586AC /* Results+CoreDataProperties.h */ = {isa = PBXFileReference; fileEncoding = 4; lastKnownFileType = sourcecode.c.h; path = "Results+CoreDataProperties.h"; sourceTree = "<group>"; };
		84E595091CB19B0800D586AC /* Results+CoreDataProperties.m */ = {isa = PBXFileReference; fileEncoding = 4; lastKnownFileType = sourcecode.c.objc; path = "Results+CoreDataProperties.m"; sourceTree = "<group>"; };
		84E5950A1CB19B0800D586AC /* Results.h */ = {isa = PBXFileReference; fileEncoding = 4; lastKnownFileType = sourcecode.c.h; path = Results.h; sourceTree = "<group>"; };
		84E5950B1CB19B0800D586AC /* Results.m */ = {isa = PBXFileReference; fileEncoding = 4; lastKnownFileType = sourcecode.c.objc; path = Results.m; sourceTree = "<group>"; };
		84E5950C1CB19B0800D586AC /* HotSpotActivitiesDefault+CoreDataProperties.h */ = {isa = PBXFileReference; fileEncoding = 4; lastKnownFileType = sourcecode.c.h; path = "HotSpotActivitiesDefault+CoreDataProperties.h"; sourceTree = "<group>"; };
		84E5950D1CB19B0800D586AC /* HotSpotActivitiesDefault+CoreDataProperties.m */ = {isa = PBXFileReference; fileEncoding = 4; lastKnownFileType = sourcecode.c.objc; path = "HotSpotActivitiesDefault+CoreDataProperties.m"; sourceTree = "<group>"; };
		84E5950E1CB19B0800D586AC /* HotSpotActivitiesDefault.h */ = {isa = PBXFileReference; fileEncoding = 4; lastKnownFileType = sourcecode.c.h; path = HotSpotActivitiesDefault.h; sourceTree = "<group>"; };
		84E5950F1CB19B0800D586AC /* HotSpotActivitiesDefault.m */ = {isa = PBXFileReference; fileEncoding = 4; lastKnownFileType = sourcecode.c.objc; path = HotSpotActivitiesDefault.m; sourceTree = "<group>"; };
		84EACB521C6A6FE5006F3E2A /* NewResultViewController.h */ = {isa = PBXFileReference; fileEncoding = 4; lastKnownFileType = sourcecode.c.h; path = NewResultViewController.h; sourceTree = "<group>"; };
		84EACB531C6A6FE5006F3E2A /* NewResultViewController.m */ = {isa = PBXFileReference; fileEncoding = 4; lastKnownFileType = sourcecode.c.objc; path = NewResultViewController.m; sourceTree = "<group>"; };
		F921925BE7F2ABC2F97737D3 /* Pods-DayByDay.release.xcconfig */ = {isa = PBXFileReference; includeInIndex = 1; lastKnownFileType = text.xcconfig; name = "Pods-DayByDay.release.xcconfig"; path = "Pods/Target Support Files/Pods-DayByDay/Pods-DayByDay.release.xcconfig"; sourceTree = "<group>"; };
/* End PBXFileReference section */

/* Begin PBXFrameworksBuildPhase section */
		84E298A81C4CF4A000DF48B2 /* Frameworks */ = {
			isa = PBXFrameworksBuildPhase;
			buildActionMask = 2147483647;
			files = (
				91D7AB0D1F0C13D00EE6D5FD /* libPods-DayByDay.a in Frameworks */,
			);
			runOnlyForDeploymentPostprocessing = 0;
		};
/* End PBXFrameworksBuildPhase section */

/* Begin PBXGroup section */
		842237901CAAF5A300745C3B /* SWRevealViewController */ = {
			isa = PBXGroup;
			children = (
				842237911CAAF5B300745C3B /* SWRevealViewController.h */,
				842237921CAAF5B300745C3B /* SWRevealViewController.m */,
			);
			name = SWRevealViewController;
			sourceTree = "<group>";
		};
		843223091C5D21DA009D21D2 /* API */ = {
			isa = PBXGroup;
			children = (
				84E458E21C5D183400779E3F /* Constants.h */,
				84E458E31C5D183400779E3F /* Constants.m */,
				8432230A1C5D269D009D21D2 /* API.h */,
				8432230B1C5D269D009D21D2 /* API.m */,
			);
			name = API;
			sourceTree = "<group>";
		};
		84DBEBCF1C62163300D42B7E /* Classes */ = {
			isa = PBXGroup;
			children = (
				842237901CAAF5A300745C3B /* SWRevealViewController */,
				84E01AA31C67E04B00B502F8 /* DataController.h */,
				84E01AA41C67E04B00B502F8 /* DataController.m */,
				84E01AA01C67E01100B502F8 /* ResultDataController.h */,
				84E01AA11C67E01100B502F8 /* ResultDataController.m */,
				84DBEBCC1C62162700D42B7E /* UserDataController.h */,
				84DBEBCD1C62162700D42B7E /* UserDataController.m */,
				84E24CBB1CAE7CB200090044 /* Sync */,
			);
			name = Classes;
			sourceTree = "<group>";
		};
		84E24CBB1CAE7CB200090044 /* Sync */ = {
			isa = PBXGroup;
			children = (
				84E24CB81CAE7A6D00090044 /* Sync.h */,
				84E24CB91CAE7A6D00090044 /* Sync.m */,
				84E24CC21CAE7D1800090044 /* SyncDownload.h */,
				84E24CC31CAE7D1800090044 /* SyncDownload.m */,
				84E24CC51CAE7D2400090044 /* SyncUpload.h */,
				84E24CC61CAE7D2400090044 /* SyncUpload.m */,
			);
			name = Sync;
			sourceTree = "<group>";
		};
		84E298A21C4CF4A000DF48B2 = {
			isa = PBXGroup;
			children = (
				84E298AD1C4CF4A000DF48B2 /* DayByDay */,
				84E298AC1C4CF4A000DF48B2 /* Products */,
				A19DBD20C886B6B23E50052F /* Pods */,
				C3BAD6DD5D7CC08592B7FA25 /* Frameworks */,
			);
			sourceTree = "<group>";
		};
		84E298AC1C4CF4A000DF48B2 /* Products */ = {
			isa = PBXGroup;
			children = (
				84E298AB1C4CF4A000DF48B2 /* DayByDay.app */,
			);
			name = Products;
			sourceTree = "<group>";
		};
		84E298AD1C4CF4A000DF48B2 /* DayByDay */ = {
			isa = PBXGroup;
			children = (
				84E298B11C4CF4A000DF48B2 /* DayByDayAppDelegate.h */,
				84E298B21C4CF4A000DF48B2 /* DayByDayAppDelegate.m */,
				84EACB551C6A6FF0006F3E2A /* ViewControllers */,
				843BEBAC1CAAF87A00EC485C /* Main.storyboard */,
				84E298BD1C4CF4A000DF48B2 /* Assets.xcassets */,
				84E298BF1C4CF4A000DF48B2 /* LaunchScreen.storyboard */,
				84E298C21C4CF4A000DF48B2 /* Info.plist */,
				84E298BA1C4CF4A000DF48B2 /* DayByDay.xcdatamodeld */,
				84E298AE1C4CF4A000DF48B2 /* Supporting Files */,
				843223091C5D21DA009D21D2 /* API */,
				84DBEBCF1C62163300D42B7E /* Classes */,
				84E594C11CB12AAF00D586AC /* Core Data Classes */,
			);
			path = DayByDay;
			sourceTree = "<group>";
		};
		84E298AE1C4CF4A000DF48B2 /* Supporting Files */ = {
			isa = PBXGroup;
			children = (
				84E298AF1C4CF4A000DF48B2 /* main.m */,
			);
			name = "Supporting Files";
			sourceTree = "<group>";
		};
		84E594C11CB12AAF00D586AC /* Core Data Classes */ = {
			isa = PBXGroup;
			children = (
				84E594C21CB12ACE00D586AC /* Users+CoreDataProperties.h */,
				84E594C31CB12ACE00D586AC /* Users+CoreDataProperties.m */,
				84E594C41CB12ACE00D586AC /* Users.h */,
				84E594C51CB12ACE00D586AC /* Users.m */,
				84E594C81CB19B0800D586AC /* HotSpotActivities+CoreDataProperties.h */,
				84E594C91CB19B0800D586AC /* HotSpotActivities+CoreDataProperties.m */,
				84E594CA1CB19B0800D586AC /* HotSpotActivities.h */,
				84E594CB1CB19B0800D586AC /* HotSpotActivities.m */,
				84E594CC1CB19B0800D586AC /* HotSpotCategoriesDefault+CoreDataProperties.h */,
				84E594CD1CB19B0800D586AC /* HotSpotCategoriesDefault+CoreDataProperties.m */,
				84E594CE1CB19B0800D586AC /* HotSpotCategoriesDefault.h */,
				84E594CF1CB19B0800D586AC /* HotSpotCategoriesDefault.m */,
				84E594D01CB19B0800D586AC /* Tags+CoreDataProperties.h */,
				84E594D11CB19B0800D586AC /* Tags+CoreDataProperties.m */,
				84E594D21CB19B0800D586AC /* Tags.h */,
				84E594D31CB19B0800D586AC /* Tags.m */,
				84E594D41CB19B0800D586AC /* Locations+CoreDataProperties.h */,
				84E594D51CB19B0800D586AC /* Locations+CoreDataProperties.m */,
				84E594D61CB19B0800D586AC /* Locations.h */,
				84E594D71CB19B0800D586AC /* Locations.m */,
				84E594D81CB19B0800D586AC /* Users_SocialNetworks+CoreDataProperties.h */,
				84E594D91CB19B0800D586AC /* Users_SocialNetworks+CoreDataProperties.m */,
				84E594DA1CB19B0800D586AC /* Users_SocialNetworks.h */,
				84E594DB1CB19B0800D586AC /* Users_SocialNetworks.m */,
				84E594DC1CB19B0800D586AC /* Priorities+CoreDataProperties.h */,
				84E594DD1CB19B0800D586AC /* Priorities+CoreDataProperties.m */,
				84E594DE1CB19B0800D586AC /* Priorities.h */,
				84E594DF1CB19B0800D586AC /* Priorities.m */,
				84E594E01CB19B0800D586AC /* HotSpotCategories+CoreDataProperties.h */,
				84E594E11CB19B0800D586AC /* HotSpotCategories+CoreDataProperties.m */,
				84E594E21CB19B0800D586AC /* HotSpotCategories.h */,
				84E594E31CB19B0800D586AC /* HotSpotCategories.m */,
				84E594E41CB19B0800D586AC /* Qualities+CoreDataProperties.h */,
				84E594E51CB19B0800D586AC /* Qualities+CoreDataProperties.m */,
				84E594E61CB19B0800D586AC /* Qualities.h */,
				84E594E71CB19B0800D586AC /* Qualities.m */,
				84E594E81CB19B0800D586AC /* Energies+CoreDataProperties.h */,
				84E594E91CB19B0800D586AC /* Energies+CoreDataProperties.m */,
				84E594EA1CB19B0800D586AC /* Energies.h */,
				84E594EB1CB19B0800D586AC /* Energies.m */,
				84E594EC1CB19B0800D586AC /* HotSpots+CoreDataProperties.h */,
				84E594ED1CB19B0800D586AC /* HotSpots+CoreDataProperties.m */,
				84E594EE1CB19B0800D586AC /* HotSpots.h */,
				84E594EF1CB19B0800D586AC /* HotSpots.m */,
				84E594F01CB19B0800D586AC /* PeriodTypes+CoreDataProperties.h */,
				84E594F11CB19B0800D586AC /* PeriodTypes+CoreDataProperties.m */,
				84E594F21CB19B0800D586AC /* PeriodTypes.h */,
				84E594F31CB19B0800D586AC /* PeriodTypes.m */,
				84E594F41CB19B0800D586AC /* Rates+CoreDataProperties.h */,
				84E594F51CB19B0800D586AC /* Rates+CoreDataProperties.m */,
				84E594F61CB19B0800D586AC /* Rates.h */,
				84E594F71CB19B0800D586AC /* Rates.m */,
				84E594F81CB19B0800D586AC /* References+CoreDataProperties.h */,
				84E594F91CB19B0800D586AC /* References+CoreDataProperties.m */,
				84E594FA1CB19B0800D586AC /* References.h */,
				84E594FB1CB19B0800D586AC /* References.m */,
				84E594FC1CB19B0800D586AC /* SocialNetworks+CoreDataProperties.h */,
				84E594FD1CB19B0800D586AC /* SocialNetworks+CoreDataProperties.m */,
				84E594FE1CB19B0800D586AC /* SocialNetworks.h */,
				84E594FF1CB19B0800D586AC /* SocialNetworks.m */,
				84E595001CB19B0800D586AC /* WeekLimits+CoreDataProperties.h */,
				84E595011CB19B0800D586AC /* WeekLimits+CoreDataProperties.m */,
				84E595021CB19B0800D586AC /* WeekLimits.h */,
				84E595031CB19B0800D586AC /* WeekLimits.m */,
				84E595041CB19B0800D586AC /* Difficulties+CoreDataProperties.h */,
				84E595051CB19B0800D586AC /* Difficulties+CoreDataProperties.m */,
				84E595061CB19B0800D586AC /* Difficulties.h */,
				84E595071CB19B0800D586AC /* Difficulties.m */,
				84E595081CB19B0800D586AC /* Results+CoreDataProperties.h */,
				84E595091CB19B0800D586AC /* Results+CoreDataProperties.m */,
				84E5950A1CB19B0800D586AC /* Results.h */,
				84E5950B1CB19B0800D586AC /* Results.m */,
				84E5950C1CB19B0800D586AC /* HotSpotActivitiesDefault+CoreDataProperties.h */,
				84E5950D1CB19B0800D586AC /* HotSpotActivitiesDefault+CoreDataProperties.m */,
				84E5950E1CB19B0800D586AC /* HotSpotActivitiesDefault.h */,
				84E5950F1CB19B0800D586AC /* HotSpotActivitiesDefault.m */,
			);
			name = "Core Data Classes";
			sourceTree = "<group>";
		};
		84EACB551C6A6FF0006F3E2A /* ViewControllers */ = {
			isa = PBXGroup;
			children = (
				84E298B41C4CF4A000DF48B2 /* LoginViewController.h */,
				84E298B51C4CF4A000DF48B2 /* LoginViewController.m */,
				8422378D1CAAF57E00745C3B /* MenuTableViewController.h */,
				8422378E1CAAF57E00745C3B /* MenuTableViewController.m */,
				84EACB521C6A6FE5006F3E2A /* NewResultViewController.h */,
				84EACB531C6A6FE5006F3E2A /* NewResultViewController.m */,
				84E1B3061C5F9F780041EA86 /* ResultTableViewController.h */,
				84E1B3071C5F9F780041EA86 /* ResultTableViewController.m */,
				84E1B3091C5FA6620041EA86 /* SignupViewController.h */,
				84E1B30A1C5FA6620041EA86 /* SignupViewController.m */,
			);
			name = ViewControllers;
			sourceTree = "<group>";
		};
		A19DBD20C886B6B23E50052F /* Pods */ = {
			isa = PBXGroup;
			children = (
				4FC01156A13C2B148A912DDF /* Pods-DayByDay.debug.xcconfig */,
				F921925BE7F2ABC2F97737D3 /* Pods-DayByDay.release.xcconfig */,
			);
			name = Pods;
			sourceTree = "<group>";
		};
		C3BAD6DD5D7CC08592B7FA25 /* Frameworks */ = {
			isa = PBXGroup;
			children = (
				142E5BEFE0FA1508F43EB9A2 /* libPods-DayByDay.a */,
			);
			name = Frameworks;
			sourceTree = "<group>";
		};
/* End PBXGroup section */

/* Begin PBXNativeTarget section */
		84E298AA1C4CF4A000DF48B2 /* DayByDay */ = {
			isa = PBXNativeTarget;
			buildConfigurationList = 84E298C51C4CF4A000DF48B2 /* Build configuration list for PBXNativeTarget "DayByDay" */;
			buildPhases = (
				AF30474242EEC591CC00E355 /* Check Pods Manifest.lock */,
				84E298A71C4CF4A000DF48B2 /* Sources */,
				84E298A81C4CF4A000DF48B2 /* Frameworks */,
				84E298A91C4CF4A000DF48B2 /* Resources */,
				EE78962F1E7724019708F52C /* Embed Pods Frameworks */,
				8C86D17E4668C28B093F56BF /* Copy Pods Resources */,
			);
			buildRules = (
			);
			dependencies = (
			);
			name = DayByDay;
			productName = DayByDay;
			productReference = 84E298AB1C4CF4A000DF48B2 /* DayByDay.app */;
			productType = "com.apple.product-type.application";
		};
/* End PBXNativeTarget section */

/* Begin PBXProject section */
		84E298A31C4CF4A000DF48B2 /* Project object */ = {
			isa = PBXProject;
			attributes = {
				LastUpgradeCheck = 0700;
				ORGANIZATIONNAME = "Sevastyan Rakhimov";
				TargetAttributes = {
					84E298AA1C4CF4A000DF48B2 = {
						CreatedOnToolsVersion = 7.0.1;
						DevelopmentTeam = ZRFRWCTZ52;
					};
				};
			};
			buildConfigurationList = 84E298A61C4CF4A000DF48B2 /* Build configuration list for PBXProject "DayByDay" */;
			compatibilityVersion = "Xcode 3.2";
			developmentRegion = English;
			hasScannedForEncodings = 0;
			knownRegions = (
				en,
				Base,
			);
			mainGroup = 84E298A21C4CF4A000DF48B2;
			productRefGroup = 84E298AC1C4CF4A000DF48B2 /* Products */;
			projectDirPath = "";
			projectRoot = "";
			targets = (
				84E298AA1C4CF4A000DF48B2 /* DayByDay */,
			);
		};
/* End PBXProject section */

/* Begin PBXResourcesBuildPhase section */
		84E298A91C4CF4A000DF48B2 /* Resources */ = {
			isa = PBXResourcesBuildPhase;
			buildActionMask = 2147483647;
			files = (
				843BEBAE1CAAF87A00EC485C /* Main.storyboard in Resources */,
				84E298C11C4CF4A000DF48B2 /* LaunchScreen.storyboard in Resources */,
				84E298BE1C4CF4A000DF48B2 /* Assets.xcassets in Resources */,
			);
			runOnlyForDeploymentPostprocessing = 0;
		};
/* End PBXResourcesBuildPhase section */

/* Begin PBXShellScriptBuildPhase section */
		8C86D17E4668C28B093F56BF /* Copy Pods Resources */ = {
			isa = PBXShellScriptBuildPhase;
			buildActionMask = 2147483647;
			files = (
			);
			inputPaths = (
			);
			name = "Copy Pods Resources";
			outputPaths = (
			);
			runOnlyForDeploymentPostprocessing = 0;
			shellPath = /bin/sh;
			shellScript = "\"${SRCROOT}/Pods/Target Support Files/Pods-DayByDay/Pods-DayByDay-resources.sh\"\n";
			showEnvVarsInLog = 0;
		};
		AF30474242EEC591CC00E355 /* Check Pods Manifest.lock */ = {
			isa = PBXShellScriptBuildPhase;
			buildActionMask = 2147483647;
			files = (
			);
			inputPaths = (
			);
			name = "Check Pods Manifest.lock";
			outputPaths = (
			);
			runOnlyForDeploymentPostprocessing = 0;
			shellPath = /bin/sh;
			shellScript = "diff \"${PODS_ROOT}/../Podfile.lock\" \"${PODS_ROOT}/Manifest.lock\" > /dev/null\nif [[ $? != 0 ]] ; then\n    cat << EOM\nerror: The sandbox is not in sync with the Podfile.lock. Run 'pod install' or update your CocoaPods installation.\nEOM\n    exit 1\nfi\n";
			showEnvVarsInLog = 0;
		};
		EE78962F1E7724019708F52C /* Embed Pods Frameworks */ = {
			isa = PBXShellScriptBuildPhase;
			buildActionMask = 2147483647;
			files = (
			);
			inputPaths = (
			);
			name = "Embed Pods Frameworks";
			outputPaths = (
			);
			runOnlyForDeploymentPostprocessing = 0;
			shellPath = /bin/sh;
			shellScript = "\"${SRCROOT}/Pods/Target Support Files/Pods-DayByDay/Pods-DayByDay-frameworks.sh\"\n";
			showEnvVarsInLog = 0;
		};
/* End PBXShellScriptBuildPhase section */

/* Begin PBXSourcesBuildPhase section */
		84E298A71C4CF4A000DF48B2 /* Sources */ = {
			isa = PBXSourcesBuildPhase;
			buildActionMask = 2147483647;
			files = (
				84E595271CB19B0900D586AC /* Rates.m in Sources */,
				84E595291CB19B0900D586AC /* References.m in Sources */,
				84E595331CB19B0900D586AC /* HotSpotActivitiesDefault.m in Sources */,
				84E595151CB19B0900D586AC /* Tags.m in Sources */,
				84E24CBA1CAE7A6D00090044 /* Sync.m in Sources */,
				84EACB541C6A6FE5006F3E2A /* NewResultViewController.m in Sources */,
				84E595211CB19B0900D586AC /* Energies.m in Sources */,
				84E594C71CB12ACE00D586AC /* Users.m in Sources */,
				84E595231CB19B0900D586AC /* HotSpots.m in Sources */,
				84E595311CB19B0900D586AC /* Results.m in Sources */,
				8432230C1C5D269D009D21D2 /* API.m in Sources */,
				84E595111CB19B0900D586AC /* HotSpotActivities.m in Sources */,
				84E5952F1CB19B0900D586AC /* Difficulties.m in Sources */,
				84E595191CB19B0900D586AC /* Users_SocialNetworks.m in Sources */,
				84E5951D1CB19B0900D586AC /* HotSpotCategories.m in Sources */,
				84E595221CB19B0900D586AC /* HotSpots+CoreDataProperties.m in Sources */,
				84E5952A1CB19B0900D586AC /* SocialNetworks+CoreDataProperties.m in Sources */,
				84E458E41C5D183400779E3F /* Constants.m in Sources */,
				84E595251CB19B0900D586AC /* PeriodTypes.m in Sources */,
				84E298BC1C4CF4A000DF48B2 /* DayByDay.xcdatamodeld in Sources */,
				84E595281CB19B0900D586AC /* References+CoreDataProperties.m in Sources */,
				84E1B3081C5F9F780041EA86 /* ResultTableViewController.m in Sources */,
				84E5952C1CB19B0900D586AC /* WeekLimits+CoreDataProperties.m in Sources */,
				84E298B61C4CF4A000DF48B2 /* LoginViewController.m in Sources */,
				84E5951A1CB19B0900D586AC /* Priorities+CoreDataProperties.m in Sources */,
				84E595321CB19B0900D586AC /* HotSpotActivitiesDefault+CoreDataProperties.m in Sources */,
				84E298B31C4CF4A000DF48B2 /* DayByDayAppDelegate.m in Sources */,
				842237931CAAF5B300745C3B /* SWRevealViewController.m in Sources */,
				84E595131CB19B0900D586AC /* HotSpotCategoriesDefault.m in Sources */,
				84E01AA51C67E04B00B502F8 /* DataController.m in Sources */,
				84E5951E1CB19B0900D586AC /* Qualities+CoreDataProperties.m in Sources */,
				8422378F1CAAF57E00745C3B /* MenuTableViewController.m in Sources */,
				84E595121CB19B0900D586AC /* HotSpotCategoriesDefault+CoreDataProperties.m in Sources */,
				84E5951B1CB19B0900D586AC /* Priorities.m in Sources */,
				84E5951C1CB19B0900D586AC /* HotSpotCategories+CoreDataProperties.m in Sources */,
				84E595181CB19B0900D586AC /* Users_SocialNetworks+CoreDataProperties.m in Sources */,
				84E01AA21C67E01100B502F8 /* ResultDataController.m in Sources */,
				84E5951F1CB19B0900D586AC /* Qualities.m in Sources */,
				84E594C61CB12ACE00D586AC /* Users+CoreDataProperties.m in Sources */,
				84E5952B1CB19B0900D586AC /* SocialNetworks.m in Sources */,
				84E595161CB19B0900D586AC /* Locations+CoreDataProperties.m in Sources */,
				84E595101CB19B0900D586AC /* HotSpotActivities+CoreDataProperties.m in Sources */,
				84DBEBCE1C62162700D42B7E /* UserDataController.m in Sources */,
				84E1B30B1C5FA6620041EA86 /* SignupViewController.m in Sources */,
				84E24CC41CAE7D1800090044 /* SyncDownload.m in Sources */,
				84E5952D1CB19B0900D586AC /* WeekLimits.m in Sources */,
				84E5952E1CB19B0900D586AC /* Difficulties+CoreDataProperties.m in Sources */,
				84E24CC71CAE7D2400090044 /* SyncUpload.m in Sources */,
				84E595171CB19B0900D586AC /* Locations.m in Sources */,
				84E595241CB19B0900D586AC /* PeriodTypes+CoreDataProperties.m in Sources */,
				84E595201CB19B0900D586AC /* Energies+CoreDataProperties.m in Sources */,
				84E595301CB19B0900D586AC /* Results+CoreDataProperties.m in Sources */,
				84E595141CB19B0900D586AC /* Tags+CoreDataProperties.m in Sources */,
				84E298B01C4CF4A000DF48B2 /* main.m in Sources */,
				84E595261CB19B0900D586AC /* Rates+CoreDataProperties.m in Sources */,
			);
			runOnlyForDeploymentPostprocessing = 0;
		};
/* End PBXSourcesBuildPhase section */

/* Begin PBXVariantGroup section */
		843BEBAC1CAAF87A00EC485C /* Main.storyboard */ = {
			isa = PBXVariantGroup;
			children = (
				843BEBAD1CAAF87A00EC485C /* Base */,
			);
			name = Main.storyboard;
			sourceTree = "<group>";
		};
		84E298BF1C4CF4A000DF48B2 /* LaunchScreen.storyboard */ = {
			isa = PBXVariantGroup;
			children = (
				84E298C01C4CF4A000DF48B2 /* Base */,
			);
			name = LaunchScreen.storyboard;
			sourceTree = "<group>";
		};
/* End PBXVariantGroup section */

/* Begin XCBuildConfiguration section */
		84E298C31C4CF4A000DF48B2 /* Debug */ = {
			isa = XCBuildConfiguration;
			buildSettings = {
				ALWAYS_SEARCH_USER_PATHS = NO;
				CLANG_CXX_LANGUAGE_STANDARD = "gnu++0x";
				CLANG_CXX_LIBRARY = "libc++";
				CLANG_ENABLE_MODULES = YES;
				CLANG_ENABLE_OBJC_ARC = YES;
				CLANG_WARN_BOOL_CONVERSION = YES;
				CLANG_WARN_CONSTANT_CONVERSION = YES;
				CLANG_WARN_DIRECT_OBJC_ISA_USAGE = YES_ERROR;
				CLANG_WARN_EMPTY_BODY = YES;
				CLANG_WARN_ENUM_CONVERSION = YES;
				CLANG_WARN_INT_CONVERSION = YES;
				CLANG_WARN_OBJC_ROOT_CLASS = YES_ERROR;
				CLANG_WARN_UNREACHABLE_CODE = YES;
				CLANG_WARN__DUPLICATE_METHOD_MATCH = YES;
				"CODE_SIGN_IDENTITY[sdk=iphoneos*]" = "iPhone Developer";
				COPY_PHASE_STRIP = NO;
				DEBUG_INFORMATION_FORMAT = dwarf;
				ENABLE_STRICT_OBJC_MSGSEND = YES;
				ENABLE_TESTABILITY = YES;
				GCC_C_LANGUAGE_STANDARD = gnu99;
				GCC_DYNAMIC_NO_PIC = NO;
				GCC_NO_COMMON_BLOCKS = YES;
				GCC_OPTIMIZATION_LEVEL = 0;
				GCC_PREPROCESSOR_DEFINITIONS = (
					"DEBUG=1",
					"$(inherited)",
				);
				GCC_WARN_64_TO_32_BIT_CONVERSION = YES;
				GCC_WARN_ABOUT_RETURN_TYPE = YES_ERROR;
				GCC_WARN_UNDECLARED_SELECTOR = YES;
				GCC_WARN_UNINITIALIZED_AUTOS = YES_AGGRESSIVE;
				GCC_WARN_UNUSED_FUNCTION = YES;
				GCC_WARN_UNUSED_VARIABLE = YES;
				HEADER_SEARCH_PATHS = "/usr/local/mysql-connector-c-6.1.6-osx10.8-x86_64/include";
				IPHONEOS_DEPLOYMENT_TARGET = 9.0;
				LIBRARY_SEARCH_PATHS = "/usr/local/mysql-connector-c-6.1.6-osx10.8-x86_64/lib";
				MTL_ENABLE_DEBUG_INFO = YES;
				ONLY_ACTIVE_ARCH = YES;
				SDKROOT = iphoneos;
			};
			name = Debug;
		};
		84E298C41C4CF4A000DF48B2 /* Release */ = {
			isa = XCBuildConfiguration;
			buildSettings = {
				ALWAYS_SEARCH_USER_PATHS = NO;
				CLANG_CXX_LANGUAGE_STANDARD = "gnu++0x";
				CLANG_CXX_LIBRARY = "libc++";
				CLANG_ENABLE_MODULES = YES;
				CLANG_ENABLE_OBJC_ARC = YES;
				CLANG_WARN_BOOL_CONVERSION = YES;
				CLANG_WARN_CONSTANT_CONVERSION = YES;
				CLANG_WARN_DIRECT_OBJC_ISA_USAGE = YES_ERROR;
				CLANG_WARN_EMPTY_BODY = YES;
				CLANG_WARN_ENUM_CONVERSION = YES;
				CLANG_WARN_INT_CONVERSION = YES;
				CLANG_WARN_OBJC_ROOT_CLASS = YES_ERROR;
				CLANG_WARN_UNREACHABLE_CODE = YES;
				CLANG_WARN__DUPLICATE_METHOD_MATCH = YES;
				"CODE_SIGN_IDENTITY[sdk=iphoneos*]" = "iPhone Developer";
				COPY_PHASE_STRIP = NO;
				DEBUG_INFORMATION_FORMAT = "dwarf-with-dsym";
				ENABLE_NS_ASSERTIONS = NO;
				ENABLE_STRICT_OBJC_MSGSEND = YES;
				GCC_C_LANGUAGE_STANDARD = gnu99;
				GCC_NO_COMMON_BLOCKS = YES;
				GCC_WARN_64_TO_32_BIT_CONVERSION = YES;
				GCC_WARN_ABOUT_RETURN_TYPE = YES_ERROR;
				GCC_WARN_UNDECLARED_SELECTOR = YES;
				GCC_WARN_UNINITIALIZED_AUTOS = YES_AGGRESSIVE;
				GCC_WARN_UNUSED_FUNCTION = YES;
				GCC_WARN_UNUSED_VARIABLE = YES;
				HEADER_SEARCH_PATHS = "/usr/local/mysql-connector-c-6.1.6-osx10.8-x86_64/include";
				IPHONEOS_DEPLOYMENT_TARGET = 9.0;
				LIBRARY_SEARCH_PATHS = "/usr/local/mysql-connector-c-6.1.6-osx10.8-x86_64/lib";
				MTL_ENABLE_DEBUG_INFO = NO;
				ONLY_ACTIVE_ARCH = YES;
				SDKROOT = iphoneos;
				VALIDATE_PRODUCT = YES;
			};
			name = Release;
		};
		84E298C61C4CF4A000DF48B2 /* Debug */ = {
			isa = XCBuildConfiguration;
			baseConfigurationReference = 4FC01156A13C2B148A912DDF /* Pods-DayByDay.debug.xcconfig */;
			buildSettings = {
				ASSETCATALOG_COMPILER_APPICON_NAME = AppIcon;
				CLANG_ENABLE_OBJC_ARC = YES;
				CODE_SIGN_IDENTITY = "iPhone Developer";
				INFOPLIST_FILE = DayByDay/Info.plist;
				IPHONEOS_DEPLOYMENT_TARGET = 7.0;
				LD_RUNPATH_SEARCH_PATHS = "$(inherited) @executable_path/Frameworks";
				LIBRARY_SEARCH_PATHS = (
					"$(inherited)",
					"/usr/local/mysql-connector-c-6.1.6-osx10.8-x86_64/lib",
				);
				PRODUCT_BUNDLE_IDENTIFIER = SevastyanRakhimov.DayByDay;
				PRODUCT_NAME = "$(TARGET_NAME)";
				TARGETED_DEVICE_FAMILY = "1,2";
			};
			name = Debug;
		};
		84E298C71C4CF4A000DF48B2 /* Release */ = {
			isa = XCBuildConfiguration;
			baseConfigurationReference = F921925BE7F2ABC2F97737D3 /* Pods-DayByDay.release.xcconfig */;
			buildSettings = {
				ASSETCATALOG_COMPILER_APPICON_NAME = AppIcon;
				CLANG_ENABLE_OBJC_ARC = YES;
				CODE_SIGN_IDENTITY = "iPhone Developer";
				INFOPLIST_FILE = DayByDay/Info.plist;
				IPHONEOS_DEPLOYMENT_TARGET = 7.0;
				LD_RUNPATH_SEARCH_PATHS = "$(inherited) @executable_path/Frameworks";
				LIBRARY_SEARCH_PATHS = (
					"$(inherited)",
					"/usr/local/mysql-connector-c-6.1.6-osx10.8-x86_64/lib",
				);
				PRODUCT_BUNDLE_IDENTIFIER = SevastyanRakhimov.DayByDay;
				PRODUCT_NAME = "$(TARGET_NAME)";
				TARGETED_DEVICE_FAMILY = "1,2";
			};
			name = Release;
		};
/* End XCBuildConfiguration section */

/* Begin XCConfigurationList section */
		84E298A61C4CF4A000DF48B2 /* Build configuration list for PBXProject "DayByDay" */ = {
			isa = XCConfigurationList;
			buildConfigurations = (
				84E298C31C4CF4A000DF48B2 /* Debug */,
				84E298C41C4CF4A000DF48B2 /* Release */,
			);
			defaultConfigurationIsVisible = 0;
			defaultConfigurationName = Release;
		};
		84E298C51C4CF4A000DF48B2 /* Build configuration list for PBXNativeTarget "DayByDay" */ = {
			isa = XCConfigurationList;
			buildConfigurations = (
				84E298C61C4CF4A000DF48B2 /* Debug */,
				84E298C71C4CF4A000DF48B2 /* Release */,
			);
			defaultConfigurationIsVisible = 0;
			defaultConfigurationName = Release;
		};
/* End XCConfigurationList section */

/* Begin XCVersionGroup section */
		84E298BA1C4CF4A000DF48B2 /* DayByDay.xcdatamodeld */ = {
			isa = XCVersionGroup;
			children = (
				84E298BB1C4CF4A000DF48B2 /* DayByDay.xcdatamodel */,
			);
			currentVersion = 84E298BB1C4CF4A000DF48B2 /* DayByDay.xcdatamodel */;
			path = DayByDay.xcdatamodeld;
			sourceTree = "<group>";
			versionGroupType = wrapper.xcdatamodel;
		};
/* End XCVersionGroup section */
	};
	rootObject = 84E298A31C4CF4A000DF48B2 /* Project object */;
}
