// !$*UTF8*$!
{
	archiveVersion = 1;
	classes = {
	};
	objectVersion = 46;
	objects = {

/* Begin PBXBuildFile section */
		8422378F1CAAF57E00745C3B /* MenuTableViewController.m in Sources */ = {isa = PBXBuildFile; fileRef = 8422378E1CAAF57E00745C3B /* MenuTableViewController.m */; };
		842237931CAAF5B300745C3B /* SWRevealViewController.m in Sources */ = {isa = PBXBuildFile; fileRef = 842237921CAAF5B300745C3B /* SWRevealViewController.m */; };
		84306B601D31641200A15238 /* Variables+CoreDataProperties.m in Sources */ = {isa = PBXBuildFile; fileRef = 84306B5D1D31641200A15238 /* Variables+CoreDataProperties.m */; };
		84306B611D31641200A15238 /* Variables.m in Sources */ = {isa = PBXBuildFile; fileRef = 84306B5F1D31641200A15238 /* Variables.m */; };
		84308CD41D28E58900B72D83 /* DBRemover.m in Sources */ = {isa = PBXBuildFile; fileRef = 84308CD31D28E58900B72D83 /* DBRemover.m */; };
		843148911D4DE50500AA1B06 /* CreateResultTableViewController.m in Sources */ = {isa = PBXBuildFile; fileRef = 843148901D4DE50500AA1B06 /* CreateResultTableViewController.m */; };
		843148961D4DE6F500AA1B06 /* TagsDefault+CoreDataProperties.m in Sources */ = {isa = PBXBuildFile; fileRef = 843148931D4DE6F500AA1B06 /* TagsDefault+CoreDataProperties.m */; };
		843148971D4DE6F500AA1B06 /* TagsDefault.m in Sources */ = {isa = PBXBuildFile; fileRef = 843148951D4DE6F500AA1B06 /* TagsDefault.m */; };
		843148991D4DFD6200AA1B06 /* sync.png in Resources */ = {isa = PBXBuildFile; fileRef = 843148981D4DFD6200AA1B06 /* sync.png */; };
		8431489B1D4E36BC00AA1B06 /* QuartzCore.framework in Frameworks */ = {isa = PBXBuildFile; fileRef = 8431489A1D4E36BC00AA1B06 /* QuartzCore.framework */; };
		8432230C1C5D269D009D21D2 /* API.m in Sources */ = {isa = PBXBuildFile; fileRef = 8432230B1C5D269D009D21D2 /* API.m */; };
		843BEBAE1CAAF87A00EC485C /* Main.storyboard in Resources */ = {isa = PBXBuildFile; fileRef = 843BEBAC1CAAF87A00EC485C /* Main.storyboard */; };
		84799DC21D469D5B009B50A8 /* day.png in Resources */ = {isa = PBXBuildFile; fileRef = 84799DBD1D469D5B009B50A8 /* day.png */; };
		84799DC31D469D5B009B50A8 /* month.png in Resources */ = {isa = PBXBuildFile; fileRef = 84799DBE1D469D5B009B50A8 /* month.png */; };
		84799DC41D469D5B009B50A8 /* quarter.png in Resources */ = {isa = PBXBuildFile; fileRef = 84799DBF1D469D5B009B50A8 /* quarter.png */; };
		84799DC51D469D5B009B50A8 /* week.png in Resources */ = {isa = PBXBuildFile; fileRef = 84799DC01D469D5B009B50A8 /* week.png */; };
		84799DC61D469D5B009B50A8 /* year.png in Resources */ = {isa = PBXBuildFile; fileRef = 84799DC11D469D5B009B50A8 /* year.png */; };
		84799DCA1D469DEF009B50A8 /* archive.png in Resources */ = {isa = PBXBuildFile; fileRef = 84799DC71D469DEF009B50A8 /* archive.png */; };
		84799DCB1D469DEF009B50A8 /* help.png in Resources */ = {isa = PBXBuildFile; fileRef = 84799DC81D469DEF009B50A8 /* help.png */; };
		84799DCC1D469DEF009B50A8 /* settings.png in Resources */ = {isa = PBXBuildFile; fileRef = 84799DC91D469DEF009B50A8 /* settings.png */; };
		84799DCE1D469E8F009B50A8 /* hot_spot.png in Resources */ = {isa = PBXBuildFile; fileRef = 84799DCD1D469E8F009B50A8 /* hot_spot.png */; };
		84799DD01D46A2DC009B50A8 /* menu.png in Resources */ = {isa = PBXBuildFile; fileRef = 84799DCF1D46A2DC009B50A8 /* menu.png */; };
		84799DD31D46A4F7009B50A8 /* SettingsTableViewController.m in Sources */ = {isa = PBXBuildFile; fileRef = 84799DD21D46A4F7009B50A8 /* SettingsTableViewController.m */; };
		84DBD5461D52739400CCF2EE /* no_avatar.png in Resources */ = {isa = PBXBuildFile; fileRef = 84DBD5451D52739400CCF2EE /* no_avatar.png */; };
		84DBD5491D5273B500CCF2EE /* friday.png in Resources */ = {isa = PBXBuildFile; fileRef = 84DBD5471D5273B500CCF2EE /* friday.png */; };
		84DBD54A1D5273B500CCF2EE /* monday.png in Resources */ = {isa = PBXBuildFile; fileRef = 84DBD5481D5273B500CCF2EE /* monday.png */; };
		84DBD5521D527A2A00CCF2EE /* Localizable.strings in Resources */ = {isa = PBXBuildFile; fileRef = 84DBD5501D527A2A00CCF2EE /* Localizable.strings */; };
		84DBEBCE1C62162700D42B7E /* UserDataController.m in Sources */ = {isa = PBXBuildFile; fileRef = 84DBEBCD1C62162700D42B7E /* UserDataController.m */; };
		84E01AA21C67E01100B502F8 /* ResultDataController.m in Sources */ = {isa = PBXBuildFile; fileRef = 84E01AA11C67E01100B502F8 /* ResultDataController.m */; };
		84E01AA51C67E04B00B502F8 /* DataController.m in Sources */ = {isa = PBXBuildFile; fileRef = 84E01AA41C67E04B00B502F8 /* DataController.m */; };
		84E1B3081C5F9F780041EA86 /* ResultTableViewController.m in Sources */ = {isa = PBXBuildFile; fileRef = 84E1B3071C5F9F780041EA86 /* ResultTableViewController.m */; };
		84E1B30B1C5FA6620041EA86 /* SignupViewController.m in Sources */ = {isa = PBXBuildFile; fileRef = 84E1B30A1C5FA6620041EA86 /* SignupViewController.m */; };
		84E24CBA1CAE7A6D00090044 /* Sync.m in Sources */ = {isa = PBXBuildFile; fileRef = 84E24CB91CAE7A6D00090044 /* Sync.m */; };
		84E24CC41CAE7D1800090044 /* ServerToDeviceSync.m in Sources */ = {isa = PBXBuildFile; fileRef = 84E24CC31CAE7D1800090044 /* ServerToDeviceSync.m */; };
		84E24CC71CAE7D2400090044 /* DeviceToServerSync.m in Sources */ = {isa = PBXBuildFile; fileRef = 84E24CC61CAE7D2400090044 /* DeviceToServerSync.m */; };
		84E298B01C4CF4A000DF48B2 /* main.m in Sources */ = {isa = PBXBuildFile; fileRef = 84E298AF1C4CF4A000DF48B2 /* main.m */; };
		84E298B31C4CF4A000DF48B2 /* DayByDayAppDelegate.m in Sources */ = {isa = PBXBuildFile; fileRef = 84E298B21C4CF4A000DF48B2 /* DayByDayAppDelegate.m */; };
		84E298B61C4CF4A000DF48B2 /* LoginViewController.m in Sources */ = {isa = PBXBuildFile; fileRef = 84E298B51C4CF4A000DF48B2 /* LoginViewController.m */; };
		84E298BC1C4CF4A000DF48B2 /* DayByDay.xcdatamodeld in Sources */ = {isa = PBXBuildFile; fileRef = 84E298BA1C4CF4A000DF48B2 /* DayByDay.xcdatamodeld */; };
		84E298BE1C4CF4A000DF48B2 /* Assets.xcassets in Resources */ = {isa = PBXBuildFile; fileRef = 84E298BD1C4CF4A000DF48B2 /* Assets.xcassets */; };
		84E298C11C4CF4A000DF48B2 /* LaunchScreen.storyboard in Resources */ = {isa = PBXBuildFile; fileRef = 84E298BF1C4CF4A000DF48B2 /* LaunchScreen.storyboard */; };
		84E458E41C5D183400779E3F /* Constants.m in Sources */ = {isa = PBXBuildFile; fileRef = 84E458E31C5D183400779E3F /* Constants.m */; };
		84FDC4891D3CECF8008727ED /* Results_References+CoreDataProperties.m in Sources */ = {isa = PBXBuildFile; fileRef = 84FDC4321D3CECF7008727ED /* Results_References+CoreDataProperties.m */; };
		84FDC48A1D3CECF8008727ED /* Results_References.m in Sources */ = {isa = PBXBuildFile; fileRef = 84FDC4341D3CECF7008727ED /* Results_References.m */; };
		84FDC48B1D3CECF8008727ED /* HotSpotsDefault+CoreDataProperties.m in Sources */ = {isa = PBXBuildFile; fileRef = 84FDC4361D3CECF7008727ED /* HotSpotsDefault+CoreDataProperties.m */; };
		84FDC48C1D3CECF8008727ED /* HotSpotsDefault.m in Sources */ = {isa = PBXBuildFile; fileRef = 84FDC4381D3CECF7008727ED /* HotSpotsDefault.m */; };
		84FDC48D1D3CECF8008727ED /* Rates+CoreDataProperties.m in Sources */ = {isa = PBXBuildFile; fileRef = 84FDC43A1D3CECF7008727ED /* Rates+CoreDataProperties.m */; };
		84FDC48E1D3CECF8008727ED /* Rates.m in Sources */ = {isa = PBXBuildFile; fileRef = 84FDC43C1D3CECF7008727ED /* Rates.m */; };
		84FDC48F1D3CECF8008727ED /* HotSpotCategoriesDefault+CoreDataProperties.m in Sources */ = {isa = PBXBuildFile; fileRef = 84FDC43E1D3CECF7008727ED /* HotSpotCategoriesDefault+CoreDataProperties.m */; };
		84FDC4901D3CECF8008727ED /* HotSpotCategoriesDefault.m in Sources */ = {isa = PBXBuildFile; fileRef = 84FDC4401D3CECF8008727ED /* HotSpotCategoriesDefault.m */; };
		84FDC4911D3CECF8008727ED /* Users+CoreDataProperties.m in Sources */ = {isa = PBXBuildFile; fileRef = 84FDC4421D3CECF8008727ED /* Users+CoreDataProperties.m */; };
		84FDC4921D3CECF8008727ED /* Users.m in Sources */ = {isa = PBXBuildFile; fileRef = 84FDC4441D3CECF8008727ED /* Users.m */; };
		84FDC4931D3CECF8008727ED /* Users_SocialNetworks+CoreDataProperties.m in Sources */ = {isa = PBXBuildFile; fileRef = 84FDC4461D3CECF8008727ED /* Users_SocialNetworks+CoreDataProperties.m */; };
		84FDC4941D3CECF8008727ED /* Users_SocialNetworks.m in Sources */ = {isa = PBXBuildFile; fileRef = 84FDC4481D3CECF8008727ED /* Users_SocialNetworks.m */; };
		84FDC4951D3CECF8008727ED /* References+CoreDataProperties.m in Sources */ = {isa = PBXBuildFile; fileRef = 84FDC44A1D3CECF8008727ED /* References+CoreDataProperties.m */; };
		84FDC4961D3CECF8008727ED /* References.m in Sources */ = {isa = PBXBuildFile; fileRef = 84FDC44C1D3CECF8008727ED /* References.m */; };
		84FDC4971D3CECF8008727ED /* HotSpots+CoreDataProperties.m in Sources */ = {isa = PBXBuildFile; fileRef = 84FDC44E1D3CECF8008727ED /* HotSpots+CoreDataProperties.m */; };
		84FDC4981D3CECF8008727ED /* HotSpots.m in Sources */ = {isa = PBXBuildFile; fileRef = 84FDC4501D3CECF8008727ED /* HotSpots.m */; };
		84FDC4991D3CECF8008727ED /* Results+CoreDataProperties.m in Sources */ = {isa = PBXBuildFile; fileRef = 84FDC4521D3CECF8008727ED /* Results+CoreDataProperties.m */; };
		84FDC49A1D3CECF8008727ED /* Results.m in Sources */ = {isa = PBXBuildFile; fileRef = 84FDC4541D3CECF8008727ED /* Results.m */; };
		84FDC49B1D3CECF8008727ED /* Tags_Results+CoreDataProperties.m in Sources */ = {isa = PBXBuildFile; fileRef = 84FDC4561D3CECF8008727ED /* Tags_Results+CoreDataProperties.m */; };
		84FDC49C1D3CECF8008727ED /* Tags_Results.m in Sources */ = {isa = PBXBuildFile; fileRef = 84FDC4581D3CECF8008727ED /* Tags_Results.m */; };
		84FDC49D1D3CECF8008727ED /* Tags+CoreDataProperties.m in Sources */ = {isa = PBXBuildFile; fileRef = 84FDC45A1D3CECF8008727ED /* Tags+CoreDataProperties.m */; };
		84FDC49E1D3CECF8008727ED /* Tags.m in Sources */ = {isa = PBXBuildFile; fileRef = 84FDC45C1D3CECF8008727ED /* Tags.m */; };
		84FDC49F1D3CECF8008727ED /* Results_Relationships+CoreDataProperties.m in Sources */ = {isa = PBXBuildFile; fileRef = 84FDC45E1D3CECF8008727ED /* Results_Relationships+CoreDataProperties.m */; };
		84FDC4A01D3CECF8008727ED /* Results_Relationships.m in Sources */ = {isa = PBXBuildFile; fileRef = 84FDC4601D3CECF8008727ED /* Results_Relationships.m */; };
		84FDC4A11D3CECF8008727ED /* HotSpotActivities+CoreDataProperties.m in Sources */ = {isa = PBXBuildFile; fileRef = 84FDC4621D3CECF8008727ED /* HotSpotActivities+CoreDataProperties.m */; };
		84FDC4A21D3CECF8008727ED /* HotSpotActivities.m in Sources */ = {isa = PBXBuildFile; fileRef = 84FDC4641D3CECF8008727ED /* HotSpotActivities.m */; };
		84FDC4A31D3CECF8008727ED /* PeriodTypes+CoreDataProperties.m in Sources */ = {isa = PBXBuildFile; fileRef = 84FDC4661D3CECF8008727ED /* PeriodTypes+CoreDataProperties.m */; };
		84FDC4A41D3CECF8008727ED /* PeriodTypes.m in Sources */ = {isa = PBXBuildFile; fileRef = 84FDC4681D3CECF8008727ED /* PeriodTypes.m */; };
		84FDC4A51D3CECF8008727ED /* SocialNetworks+CoreDataProperties.m in Sources */ = {isa = PBXBuildFile; fileRef = 84FDC46A1D3CECF8008727ED /* SocialNetworks+CoreDataProperties.m */; };
		84FDC4A61D3CECF8008727ED /* SocialNetworks.m in Sources */ = {isa = PBXBuildFile; fileRef = 84FDC46C1D3CECF8008727ED /* SocialNetworks.m */; };
		84FDC4A71D3CECF8008727ED /* HotSpotActivitiesDefault+CoreDataProperties.m in Sources */ = {isa = PBXBuildFile; fileRef = 84FDC46E1D3CECF8008727ED /* HotSpotActivitiesDefault+CoreDataProperties.m */; };
		84FDC4A81D3CECF8008727ED /* HotSpotActivitiesDefault.m in Sources */ = {isa = PBXBuildFile; fileRef = 84FDC4701D3CECF8008727ED /* HotSpotActivitiesDefault.m */; };
		84FDC4A91D3CECF8008727ED /* Qualities+CoreDataProperties.m in Sources */ = {isa = PBXBuildFile; fileRef = 84FDC4721D3CECF8008727ED /* Qualities+CoreDataProperties.m */; };
		84FDC4AA1D3CECF8008727ED /* Qualities.m in Sources */ = {isa = PBXBuildFile; fileRef = 84FDC4741D3CECF8008727ED /* Qualities.m */; };
		84FDC4AB1D3CECF8008727ED /* Priorities+CoreDataProperties.m in Sources */ = {isa = PBXBuildFile; fileRef = 84FDC4761D3CECF8008727ED /* Priorities+CoreDataProperties.m */; };
		84FDC4AC1D3CECF8008727ED /* Priorities.m in Sources */ = {isa = PBXBuildFile; fileRef = 84FDC4781D3CECF8008727ED /* Priorities.m */; };
		84FDC4AD1D3CECF8008727ED /* HotSpotCategories+CoreDataProperties.m in Sources */ = {isa = PBXBuildFile; fileRef = 84FDC47A1D3CECF8008727ED /* HotSpotCategories+CoreDataProperties.m */; };
		84FDC4AE1D3CECF8008727ED /* HotSpotCategories.m in Sources */ = {isa = PBXBuildFile; fileRef = 84FDC47C1D3CECF8008727ED /* HotSpotCategories.m */; };
		84FDC4AF1D3CECF8008727ED /* Difficulties+CoreDataProperties.m in Sources */ = {isa = PBXBuildFile; fileRef = 84FDC47E1D3CECF8008727ED /* Difficulties+CoreDataProperties.m */; };
		84FDC4B01D3CECF8008727ED /* Difficulties.m in Sources */ = {isa = PBXBuildFile; fileRef = 84FDC4801D3CECF8008727ED /* Difficulties.m */; };
		84FDC4B11D3CECF8008727ED /* Energies+CoreDataProperties.m in Sources */ = {isa = PBXBuildFile; fileRef = 84FDC4821D3CECF8008727ED /* Energies+CoreDataProperties.m */; };
		84FDC4B21D3CECF8008727ED /* Energies.m in Sources */ = {isa = PBXBuildFile; fileRef = 84FDC4841D3CECF8008727ED /* Energies.m */; };
		84FDC4B31D3CECF8008727ED /* Locations+CoreDataProperties.m in Sources */ = {isa = PBXBuildFile; fileRef = 84FDC4861D3CECF8008727ED /* Locations+CoreDataProperties.m */; };
		84FDC4B41D3CECF8008727ED /* Locations.m in Sources */ = {isa = PBXBuildFile; fileRef = 84FDC4881D3CECF8008727ED /* Locations.m */; };
		91D7AB0D1F0C13D00EE6D5FD /* libPods-DayByDay.a in Frameworks */ = {isa = PBXBuildFile; fileRef = 142E5BEFE0FA1508F43EB9A2 /* libPods-DayByDay.a */; };
/* End PBXBuildFile section */

/* Begin PBXFileReference section */
		142E5BEFE0FA1508F43EB9A2 /* libPods-DayByDay.a */ = {isa = PBXFileReference; explicitFileType = archive.ar; includeInIndex = 0; path = "libPods-DayByDay.a"; sourceTree = BUILT_PRODUCTS_DIR; };
		4FC01156A13C2B148A912DDF /* Pods-DayByDay.debug.xcconfig */ = {isa = PBXFileReference; includeInIndex = 1; lastKnownFileType = text.xcconfig; name = "Pods-DayByDay.debug.xcconfig"; path = "Pods/Target Support Files/Pods-DayByDay/Pods-DayByDay.debug.xcconfig"; sourceTree = "<group>"; };
		8422378D1CAAF57E00745C3B /* MenuTableViewController.h */ = {isa = PBXFileReference; fileEncoding = 4; lastKnownFileType = sourcecode.c.h; path = MenuTableViewController.h; sourceTree = "<group>"; };
		8422378E1CAAF57E00745C3B /* MenuTableViewController.m */ = {isa = PBXFileReference; fileEncoding = 4; lastKnownFileType = sourcecode.c.objc; path = MenuTableViewController.m; sourceTree = "<group>"; };
		842237911CAAF5B300745C3B /* SWRevealViewController.h */ = {isa = PBXFileReference; fileEncoding = 4; lastKnownFileType = sourcecode.c.h; path = SWRevealViewController.h; sourceTree = "<group>"; };
		842237921CAAF5B300745C3B /* SWRevealViewController.m */ = {isa = PBXFileReference; fileEncoding = 4; lastKnownFileType = sourcecode.c.objc; path = SWRevealViewController.m; sourceTree = "<group>"; };
		84306B5C1D31641200A15238 /* Variables+CoreDataProperties.h */ = {isa = PBXFileReference; fileEncoding = 4; lastKnownFileType = sourcecode.c.h; path = "Variables+CoreDataProperties.h"; sourceTree = "<group>"; };
		84306B5D1D31641200A15238 /* Variables+CoreDataProperties.m */ = {isa = PBXFileReference; fileEncoding = 4; lastKnownFileType = sourcecode.c.objc; path = "Variables+CoreDataProperties.m"; sourceTree = "<group>"; };
		84306B5E1D31641200A15238 /* Variables.h */ = {isa = PBXFileReference; fileEncoding = 4; lastKnownFileType = sourcecode.c.h; path = Variables.h; sourceTree = "<group>"; };
		84306B5F1D31641200A15238 /* Variables.m */ = {isa = PBXFileReference; fileEncoding = 4; lastKnownFileType = sourcecode.c.objc; path = Variables.m; sourceTree = "<group>"; };
		84308CD21D28E58800B72D83 /* DBRemover.h */ = {isa = PBXFileReference; fileEncoding = 4; lastKnownFileType = sourcecode.c.h; path = DBRemover.h; sourceTree = "<group>"; };
		84308CD31D28E58900B72D83 /* DBRemover.m */ = {isa = PBXFileReference; fileEncoding = 4; lastKnownFileType = sourcecode.c.objc; path = DBRemover.m; sourceTree = "<group>"; };
		8431488F1D4DE50500AA1B06 /* CreateResultTableViewController.h */ = {isa = PBXFileReference; fileEncoding = 4; lastKnownFileType = sourcecode.c.h; path = CreateResultTableViewController.h; sourceTree = "<group>"; };
		843148901D4DE50500AA1B06 /* CreateResultTableViewController.m */ = {isa = PBXFileReference; fileEncoding = 4; lastKnownFileType = sourcecode.c.objc; path = CreateResultTableViewController.m; sourceTree = "<group>"; };
		843148921D4DE6F500AA1B06 /* TagsDefault+CoreDataProperties.h */ = {isa = PBXFileReference; fileEncoding = 4; lastKnownFileType = sourcecode.c.h; path = "TagsDefault+CoreDataProperties.h"; sourceTree = "<group>"; };
		843148931D4DE6F500AA1B06 /* TagsDefault+CoreDataProperties.m */ = {isa = PBXFileReference; fileEncoding = 4; lastKnownFileType = sourcecode.c.objc; path = "TagsDefault+CoreDataProperties.m"; sourceTree = "<group>"; };
		843148941D4DE6F500AA1B06 /* TagsDefault.h */ = {isa = PBXFileReference; fileEncoding = 4; lastKnownFileType = sourcecode.c.h; path = TagsDefault.h; sourceTree = "<group>"; };
		843148951D4DE6F500AA1B06 /* TagsDefault.m */ = {isa = PBXFileReference; fileEncoding = 4; lastKnownFileType = sourcecode.c.objc; path = TagsDefault.m; sourceTree = "<group>"; };
		843148981D4DFD6200AA1B06 /* sync.png */ = {isa = PBXFileReference; lastKnownFileType = image.png; path = sync.png; sourceTree = "<group>"; };
		8431489A1D4E36BC00AA1B06 /* QuartzCore.framework */ = {isa = PBXFileReference; lastKnownFileType = wrapper.framework; name = QuartzCore.framework; path = System/Library/Frameworks/QuartzCore.framework; sourceTree = SDKROOT; };
		8432230A1C5D269D009D21D2 /* API.h */ = {isa = PBXFileReference; fileEncoding = 4; lastKnownFileType = sourcecode.c.h; path = API.h; sourceTree = "<group>"; };
		8432230B1C5D269D009D21D2 /* API.m */ = {isa = PBXFileReference; fileEncoding = 4; lastKnownFileType = sourcecode.c.objc; path = API.m; sourceTree = "<group>"; };
		843BEBAD1CAAF87A00EC485C /* Base */ = {isa = PBXFileReference; lastKnownFileType = file.storyboard; name = Base; path = Base.lproj/Main.storyboard; sourceTree = "<group>"; };
		845C62B81D60B93B003D0726 /* en */ = {isa = PBXFileReference; lastKnownFileType = text.plist.strings; name = en; path = en.lproj/Main.strings; sourceTree = "<group>"; };
		845C62BC1D60BB87003D0726 /* ru */ = {isa = PBXFileReference; lastKnownFileType = text.plist.strings; name = ru; path = ru.lproj/Main.strings; sourceTree = "<group>"; };
		84799DBD1D469D5B009B50A8 /* day.png */ = {isa = PBXFileReference; lastKnownFileType = image.png; path = day.png; sourceTree = "<group>"; };
		84799DBE1D469D5B009B50A8 /* month.png */ = {isa = PBXFileReference; lastKnownFileType = image.png; path = month.png; sourceTree = "<group>"; };
		84799DBF1D469D5B009B50A8 /* quarter.png */ = {isa = PBXFileReference; lastKnownFileType = image.png; path = quarter.png; sourceTree = "<group>"; };
		84799DC01D469D5B009B50A8 /* week.png */ = {isa = PBXFileReference; lastKnownFileType = image.png; path = week.png; sourceTree = "<group>"; };
		84799DC11D469D5B009B50A8 /* year.png */ = {isa = PBXFileReference; lastKnownFileType = image.png; path = year.png; sourceTree = "<group>"; };
		84799DC71D469DEF009B50A8 /* archive.png */ = {isa = PBXFileReference; lastKnownFileType = image.png; path = archive.png; sourceTree = "<group>"; };
		84799DC81D469DEF009B50A8 /* help.png */ = {isa = PBXFileReference; lastKnownFileType = image.png; path = help.png; sourceTree = "<group>"; };
		84799DC91D469DEF009B50A8 /* settings.png */ = {isa = PBXFileReference; lastKnownFileType = image.png; path = settings.png; sourceTree = "<group>"; };
		84799DCD1D469E8F009B50A8 /* hot_spot.png */ = {isa = PBXFileReference; lastKnownFileType = image.png; path = hot_spot.png; sourceTree = "<group>"; };
		84799DCF1D46A2DC009B50A8 /* menu.png */ = {isa = PBXFileReference; lastKnownFileType = image.png; path = menu.png; sourceTree = "<group>"; };
		84799DD11D46A4F7009B50A8 /* SettingsTableViewController.h */ = {isa = PBXFileReference; fileEncoding = 4; lastKnownFileType = sourcecode.c.h; path = SettingsTableViewController.h; sourceTree = "<group>"; };
		84799DD21D46A4F7009B50A8 /* SettingsTableViewController.m */ = {isa = PBXFileReference; fileEncoding = 4; lastKnownFileType = sourcecode.c.objc; path = SettingsTableViewController.m; sourceTree = "<group>"; };
		84DBD5451D52739400CCF2EE /* no_avatar.png */ = {isa = PBXFileReference; lastKnownFileType = image.png; name = no_avatar.png; path = ../../../../Downloads/no_avatar.png; sourceTree = "<group>"; };
		84DBD5471D5273B500CCF2EE /* friday.png */ = {isa = PBXFileReference; lastKnownFileType = image.png; name = friday.png; path = ../../../../Downloads/friday.png; sourceTree = "<group>"; };
		84DBD5481D5273B500CCF2EE /* monday.png */ = {isa = PBXFileReference; lastKnownFileType = image.png; name = monday.png; path = ../../../../Downloads/monday.png; sourceTree = "<group>"; };
		84DBD5511D527A2A00CCF2EE /* ru */ = {isa = PBXFileReference; lastKnownFileType = text.plist.strings; name = ru; path = ru.lproj/Localizable.strings; sourceTree = "<group>"; };
		84DBD5531D527A4200CCF2EE /* en */ = {isa = PBXFileReference; lastKnownFileType = text.plist.strings; name = en; path = en.lproj/Localizable.strings; sourceTree = "<group>"; };
		84DBEBCC1C62162700D42B7E /* UserDataController.h */ = {isa = PBXFileReference; fileEncoding = 4; lastKnownFileType = sourcecode.c.h; path = UserDataController.h; sourceTree = "<group>"; };
		84DBEBCD1C62162700D42B7E /* UserDataController.m */ = {isa = PBXFileReference; fileEncoding = 4; lastKnownFileType = sourcecode.c.objc; path = UserDataController.m; sourceTree = "<group>"; };
		84E01AA01C67E01100B502F8 /* ResultDataController.h */ = {isa = PBXFileReference; fileEncoding = 4; lastKnownFileType = sourcecode.c.h; path = ResultDataController.h; sourceTree = "<group>"; };
		84E01AA11C67E01100B502F8 /* ResultDataController.m */ = {isa = PBXFileReference; fileEncoding = 4; lastKnownFileType = sourcecode.c.objc; path = ResultDataController.m; sourceTree = "<group>"; };
		84E01AA31C67E04B00B502F8 /* DataController.h */ = {isa = PBXFileReference; fileEncoding = 4; lastKnownFileType = sourcecode.c.h; path = DataController.h; sourceTree = "<group>"; };
		84E01AA41C67E04B00B502F8 /* DataController.m */ = {isa = PBXFileReference; fileEncoding = 4; lastKnownFileType = sourcecode.c.objc; path = DataController.m; sourceTree = "<group>"; };
		84E1B3061C5F9F780041EA86 /* ResultTableViewController.h */ = {isa = PBXFileReference; fileEncoding = 4; lastKnownFileType = sourcecode.c.h; path = ResultTableViewController.h; sourceTree = "<group>"; };
		84E1B3071C5F9F780041EA86 /* ResultTableViewController.m */ = {isa = PBXFileReference; fileEncoding = 4; lastKnownFileType = sourcecode.c.objc; path = ResultTableViewController.m; sourceTree = "<group>"; };
		84E1B3091C5FA6620041EA86 /* SignupViewController.h */ = {isa = PBXFileReference; fileEncoding = 4; lastKnownFileType = sourcecode.c.h; path = SignupViewController.h; sourceTree = "<group>"; };
		84E1B30A1C5FA6620041EA86 /* SignupViewController.m */ = {isa = PBXFileReference; fileEncoding = 4; lastKnownFileType = sourcecode.c.objc; path = SignupViewController.m; sourceTree = "<group>"; };
		84E24CB81CAE7A6D00090044 /* Sync.h */ = {isa = PBXFileReference; fileEncoding = 4; lastKnownFileType = sourcecode.c.h; path = Sync.h; sourceTree = "<group>"; };
		84E24CB91CAE7A6D00090044 /* Sync.m */ = {isa = PBXFileReference; fileEncoding = 4; lastKnownFileType = sourcecode.c.objc; path = Sync.m; sourceTree = "<group>"; };
		84E24CC21CAE7D1800090044 /* ServerToDeviceSync.h */ = {isa = PBXFileReference; fileEncoding = 4; lastKnownFileType = sourcecode.c.h; path = ServerToDeviceSync.h; sourceTree = "<group>"; };
		84E24CC31CAE7D1800090044 /* ServerToDeviceSync.m */ = {isa = PBXFileReference; fileEncoding = 4; lastKnownFileType = sourcecode.c.objc; path = ServerToDeviceSync.m; sourceTree = "<group>"; };
		84E24CC51CAE7D2400090044 /* DeviceToServerSync.h */ = {isa = PBXFileReference; fileEncoding = 4; lastKnownFileType = sourcecode.c.h; path = DeviceToServerSync.h; sourceTree = "<group>"; };
		84E24CC61CAE7D2400090044 /* DeviceToServerSync.m */ = {isa = PBXFileReference; fileEncoding = 4; lastKnownFileType = sourcecode.c.objc; path = DeviceToServerSync.m; sourceTree = "<group>"; };
		84E298AB1C4CF4A000DF48B2 /* DayByDay.app */ = {isa = PBXFileReference; explicitFileType = wrapper.application; includeInIndex = 0; path = DayByDay.app; sourceTree = BUILT_PRODUCTS_DIR; };
		84E298AF1C4CF4A000DF48B2 /* main.m */ = {isa = PBXFileReference; lastKnownFileType = sourcecode.c.objc; path = main.m; sourceTree = "<group>"; };
		84E298B11C4CF4A000DF48B2 /* DayByDayAppDelegate.h */ = {isa = PBXFileReference; lastKnownFileType = sourcecode.c.h; path = DayByDayAppDelegate.h; sourceTree = "<group>"; };
		84E298B21C4CF4A000DF48B2 /* DayByDayAppDelegate.m */ = {isa = PBXFileReference; lastKnownFileType = sourcecode.c.objc; path = DayByDayAppDelegate.m; sourceTree = "<group>"; };
		84E298B41C4CF4A000DF48B2 /* LoginViewController.h */ = {isa = PBXFileReference; lastKnownFileType = sourcecode.c.h; path = LoginViewController.h; sourceTree = "<group>"; };
		84E298B51C4CF4A000DF48B2 /* LoginViewController.m */ = {isa = PBXFileReference; lastKnownFileType = sourcecode.c.objc; path = LoginViewController.m; sourceTree = "<group>"; };
		84E298BB1C4CF4A000DF48B2 /* DayByDay.xcdatamodel */ = {isa = PBXFileReference; lastKnownFileType = wrapper.xcdatamodel; path = DayByDay.xcdatamodel; sourceTree = "<group>"; };
		84E298BD1C4CF4A000DF48B2 /* Assets.xcassets */ = {isa = PBXFileReference; lastKnownFileType = folder.assetcatalog; path = Assets.xcassets; sourceTree = "<group>"; };
		84E298C01C4CF4A000DF48B2 /* Base */ = {isa = PBXFileReference; lastKnownFileType = file.storyboard; name = Base; path = Base.lproj/LaunchScreen.storyboard; sourceTree = "<group>"; };
		84E298C21C4CF4A000DF48B2 /* Info.plist */ = {isa = PBXFileReference; lastKnownFileType = text.plist.xml; path = Info.plist; sourceTree = "<group>"; };
		84E458E21C5D183400779E3F /* Constants.h */ = {isa = PBXFileReference; fileEncoding = 4; lastKnownFileType = sourcecode.c.h; path = Constants.h; sourceTree = "<group>"; };
		84E458E31C5D183400779E3F /* Constants.m */ = {isa = PBXFileReference; fileEncoding = 4; lastKnownFileType = sourcecode.c.objc; path = Constants.m; sourceTree = "<group>"; };
		84FDC4311D3CECF7008727ED /* Results_References+CoreDataProperties.h */ = {isa = PBXFileReference; fileEncoding = 4; lastKnownFileType = sourcecode.c.h; path = "Results_References+CoreDataProperties.h"; sourceTree = "<group>"; };
		84FDC4321D3CECF7008727ED /* Results_References+CoreDataProperties.m */ = {isa = PBXFileReference; fileEncoding = 4; lastKnownFileType = sourcecode.c.objc; path = "Results_References+CoreDataProperties.m"; sourceTree = "<group>"; };
		84FDC4331D3CECF7008727ED /* Results_References.h */ = {isa = PBXFileReference; fileEncoding = 4; lastKnownFileType = sourcecode.c.h; path = Results_References.h; sourceTree = "<group>"; };
		84FDC4341D3CECF7008727ED /* Results_References.m */ = {isa = PBXFileReference; fileEncoding = 4; lastKnownFileType = sourcecode.c.objc; path = Results_References.m; sourceTree = "<group>"; };
		84FDC4351D3CECF7008727ED /* HotSpotsDefault+CoreDataProperties.h */ = {isa = PBXFileReference; fileEncoding = 4; lastKnownFileType = sourcecode.c.h; path = "HotSpotsDefault+CoreDataProperties.h"; sourceTree = "<group>"; };
		84FDC4361D3CECF7008727ED /* HotSpotsDefault+CoreDataProperties.m */ = {isa = PBXFileReference; fileEncoding = 4; lastKnownFileType = sourcecode.c.objc; path = "HotSpotsDefault+CoreDataProperties.m"; sourceTree = "<group>"; };
		84FDC4371D3CECF7008727ED /* HotSpotsDefault.h */ = {isa = PBXFileReference; fileEncoding = 4; lastKnownFileType = sourcecode.c.h; path = HotSpotsDefault.h; sourceTree = "<group>"; };
		84FDC4381D3CECF7008727ED /* HotSpotsDefault.m */ = {isa = PBXFileReference; fileEncoding = 4; lastKnownFileType = sourcecode.c.objc; path = HotSpotsDefault.m; sourceTree = "<group>"; };
		84FDC4391D3CECF7008727ED /* Rates+CoreDataProperties.h */ = {isa = PBXFileReference; fileEncoding = 4; lastKnownFileType = sourcecode.c.h; path = "Rates+CoreDataProperties.h"; sourceTree = "<group>"; };
		84FDC43A1D3CECF7008727ED /* Rates+CoreDataProperties.m */ = {isa = PBXFileReference; fileEncoding = 4; lastKnownFileType = sourcecode.c.objc; path = "Rates+CoreDataProperties.m"; sourceTree = "<group>"; };
		84FDC43B1D3CECF7008727ED /* Rates.h */ = {isa = PBXFileReference; fileEncoding = 4; lastKnownFileType = sourcecode.c.h; path = Rates.h; sourceTree = "<group>"; };
		84FDC43C1D3CECF7008727ED /* Rates.m */ = {isa = PBXFileReference; fileEncoding = 4; lastKnownFileType = sourcecode.c.objc; path = Rates.m; sourceTree = "<group>"; };
		84FDC43D1D3CECF7008727ED /* HotSpotCategoriesDefault+CoreDataProperties.h */ = {isa = PBXFileReference; fileEncoding = 4; lastKnownFileType = sourcecode.c.h; path = "HotSpotCategoriesDefault+CoreDataProperties.h"; sourceTree = "<group>"; };
		84FDC43E1D3CECF7008727ED /* HotSpotCategoriesDefault+CoreDataProperties.m */ = {isa = PBXFileReference; fileEncoding = 4; lastKnownFileType = sourcecode.c.objc; path = "HotSpotCategoriesDefault+CoreDataProperties.m"; sourceTree = "<group>"; };
		84FDC43F1D3CECF8008727ED /* HotSpotCategoriesDefault.h */ = {isa = PBXFileReference; fileEncoding = 4; lastKnownFileType = sourcecode.c.h; path = HotSpotCategoriesDefault.h; sourceTree = "<group>"; };
		84FDC4401D3CECF8008727ED /* HotSpotCategoriesDefault.m */ = {isa = PBXFileReference; fileEncoding = 4; lastKnownFileType = sourcecode.c.objc; path = HotSpotCategoriesDefault.m; sourceTree = "<group>"; };
		84FDC4411D3CECF8008727ED /* Users+CoreDataProperties.h */ = {isa = PBXFileReference; fileEncoding = 4; lastKnownFileType = sourcecode.c.h; path = "Users+CoreDataProperties.h"; sourceTree = "<group>"; };
		84FDC4421D3CECF8008727ED /* Users+CoreDataProperties.m */ = {isa = PBXFileReference; fileEncoding = 4; lastKnownFileType = sourcecode.c.objc; path = "Users+CoreDataProperties.m"; sourceTree = "<group>"; };
		84FDC4431D3CECF8008727ED /* Users.h */ = {isa = PBXFileReference; fileEncoding = 4; lastKnownFileType = sourcecode.c.h; path = Users.h; sourceTree = "<group>"; };
		84FDC4441D3CECF8008727ED /* Users.m */ = {isa = PBXFileReference; fileEncoding = 4; lastKnownFileType = sourcecode.c.objc; path = Users.m; sourceTree = "<group>"; };
		84FDC4451D3CECF8008727ED /* Users_SocialNetworks+CoreDataProperties.h */ = {isa = PBXFileReference; fileEncoding = 4; lastKnownFileType = sourcecode.c.h; path = "Users_SocialNetworks+CoreDataProperties.h"; sourceTree = "<group>"; };
		84FDC4461D3CECF8008727ED /* Users_SocialNetworks+CoreDataProperties.m */ = {isa = PBXFileReference; fileEncoding = 4; lastKnownFileType = sourcecode.c.objc; path = "Users_SocialNetworks+CoreDataProperties.m"; sourceTree = "<group>"; };
		84FDC4471D3CECF8008727ED /* Users_SocialNetworks.h */ = {isa = PBXFileReference; fileEncoding = 4; lastKnownFileType = sourcecode.c.h; path = Users_SocialNetworks.h; sourceTree = "<group>"; };
		84FDC4481D3CECF8008727ED /* Users_SocialNetworks.m */ = {isa = PBXFileReference; fileEncoding = 4; lastKnownFileType = sourcecode.c.objc; path = Users_SocialNetworks.m; sourceTree = "<group>"; };
		84FDC4491D3CECF8008727ED /* References+CoreDataProperties.h */ = {isa = PBXFileReference; fileEncoding = 4; lastKnownFileType = sourcecode.c.h; path = "References+CoreDataProperties.h"; sourceTree = "<group>"; };
		84FDC44A1D3CECF8008727ED /* References+CoreDataProperties.m */ = {isa = PBXFileReference; fileEncoding = 4; lastKnownFileType = sourcecode.c.objc; path = "References+CoreDataProperties.m"; sourceTree = "<group>"; };
		84FDC44B1D3CECF8008727ED /* References.h */ = {isa = PBXFileReference; fileEncoding = 4; lastKnownFileType = sourcecode.c.h; path = References.h; sourceTree = "<group>"; };
		84FDC44C1D3CECF8008727ED /* References.m */ = {isa = PBXFileReference; fileEncoding = 4; lastKnownFileType = sourcecode.c.objc; path = References.m; sourceTree = "<group>"; };
		84FDC44D1D3CECF8008727ED /* HotSpots+CoreDataProperties.h */ = {isa = PBXFileReference; fileEncoding = 4; lastKnownFileType = sourcecode.c.h; path = "HotSpots+CoreDataProperties.h"; sourceTree = "<group>"; };
		84FDC44E1D3CECF8008727ED /* HotSpots+CoreDataProperties.m */ = {isa = PBXFileReference; fileEncoding = 4; lastKnownFileType = sourcecode.c.objc; path = "HotSpots+CoreDataProperties.m"; sourceTree = "<group>"; };
		84FDC44F1D3CECF8008727ED /* HotSpots.h */ = {isa = PBXFileReference; fileEncoding = 4; lastKnownFileType = sourcecode.c.h; path = HotSpots.h; sourceTree = "<group>"; };
		84FDC4501D3CECF8008727ED /* HotSpots.m */ = {isa = PBXFileReference; fileEncoding = 4; lastKnownFileType = sourcecode.c.objc; path = HotSpots.m; sourceTree = "<group>"; };
		84FDC4511D3CECF8008727ED /* Results+CoreDataProperties.h */ = {isa = PBXFileReference; fileEncoding = 4; lastKnownFileType = sourcecode.c.h; path = "Results+CoreDataProperties.h"; sourceTree = "<group>"; };
		84FDC4521D3CECF8008727ED /* Results+CoreDataProperties.m */ = {isa = PBXFileReference; fileEncoding = 4; lastKnownFileType = sourcecode.c.objc; path = "Results+CoreDataProperties.m"; sourceTree = "<group>"; };
		84FDC4531D3CECF8008727ED /* Results.h */ = {isa = PBXFileReference; fileEncoding = 4; lastKnownFileType = sourcecode.c.h; path = Results.h; sourceTree = "<group>"; };
		84FDC4541D3CECF8008727ED /* Results.m */ = {isa = PBXFileReference; fileEncoding = 4; lastKnownFileType = sourcecode.c.objc; path = Results.m; sourceTree = "<group>"; };
		84FDC4551D3CECF8008727ED /* Tags_Results+CoreDataProperties.h */ = {isa = PBXFileReference; fileEncoding = 4; lastKnownFileType = sourcecode.c.h; path = "Tags_Results+CoreDataProperties.h"; sourceTree = "<group>"; };
		84FDC4561D3CECF8008727ED /* Tags_Results+CoreDataProperties.m */ = {isa = PBXFileReference; fileEncoding = 4; lastKnownFileType = sourcecode.c.objc; path = "Tags_Results+CoreDataProperties.m"; sourceTree = "<group>"; };
		84FDC4571D3CECF8008727ED /* Tags_Results.h */ = {isa = PBXFileReference; fileEncoding = 4; lastKnownFileType = sourcecode.c.h; path = Tags_Results.h; sourceTree = "<group>"; };
		84FDC4581D3CECF8008727ED /* Tags_Results.m */ = {isa = PBXFileReference; fileEncoding = 4; lastKnownFileType = sourcecode.c.objc; path = Tags_Results.m; sourceTree = "<group>"; };
		84FDC4591D3CECF8008727ED /* Tags+CoreDataProperties.h */ = {isa = PBXFileReference; fileEncoding = 4; lastKnownFileType = sourcecode.c.h; path = "Tags+CoreDataProperties.h"; sourceTree = "<group>"; };
		84FDC45A1D3CECF8008727ED /* Tags+CoreDataProperties.m */ = {isa = PBXFileReference; fileEncoding = 4; lastKnownFileType = sourcecode.c.objc; path = "Tags+CoreDataProperties.m"; sourceTree = "<group>"; };
		84FDC45B1D3CECF8008727ED /* Tags.h */ = {isa = PBXFileReference; fileEncoding = 4; lastKnownFileType = sourcecode.c.h; path = Tags.h; sourceTree = "<group>"; };
		84FDC45C1D3CECF8008727ED /* Tags.m */ = {isa = PBXFileReference; fileEncoding = 4; lastKnownFileType = sourcecode.c.objc; path = Tags.m; sourceTree = "<group>"; };
		84FDC45D1D3CECF8008727ED /* Results_Relationships+CoreDataProperties.h */ = {isa = PBXFileReference; fileEncoding = 4; lastKnownFileType = sourcecode.c.h; path = "Results_Relationships+CoreDataProperties.h"; sourceTree = "<group>"; };
		84FDC45E1D3CECF8008727ED /* Results_Relationships+CoreDataProperties.m */ = {isa = PBXFileReference; fileEncoding = 4; lastKnownFileType = sourcecode.c.objc; path = "Results_Relationships+CoreDataProperties.m"; sourceTree = "<group>"; };
		84FDC45F1D3CECF8008727ED /* Results_Relationships.h */ = {isa = PBXFileReference; fileEncoding = 4; lastKnownFileType = sourcecode.c.h; path = Results_Relationships.h; sourceTree = "<group>"; };
		84FDC4601D3CECF8008727ED /* Results_Relationships.m */ = {isa = PBXFileReference; fileEncoding = 4; lastKnownFileType = sourcecode.c.objc; path = Results_Relationships.m; sourceTree = "<group>"; };
		84FDC4611D3CECF8008727ED /* HotSpotActivities+CoreDataProperties.h */ = {isa = PBXFileReference; fileEncoding = 4; lastKnownFileType = sourcecode.c.h; path = "HotSpotActivities+CoreDataProperties.h"; sourceTree = "<group>"; };
		84FDC4621D3CECF8008727ED /* HotSpotActivities+CoreDataProperties.m */ = {isa = PBXFileReference; fileEncoding = 4; lastKnownFileType = sourcecode.c.objc; path = "HotSpotActivities+CoreDataProperties.m"; sourceTree = "<group>"; };
		84FDC4631D3CECF8008727ED /* HotSpotActivities.h */ = {isa = PBXFileReference; fileEncoding = 4; lastKnownFileType = sourcecode.c.h; path = HotSpotActivities.h; sourceTree = "<group>"; };
		84FDC4641D3CECF8008727ED /* HotSpotActivities.m */ = {isa = PBXFileReference; fileEncoding = 4; lastKnownFileType = sourcecode.c.objc; path = HotSpotActivities.m; sourceTree = "<group>"; };
		84FDC4651D3CECF8008727ED /* PeriodTypes+CoreDataProperties.h */ = {isa = PBXFileReference; fileEncoding = 4; lastKnownFileType = sourcecode.c.h; path = "PeriodTypes+CoreDataProperties.h"; sourceTree = "<group>"; };
		84FDC4661D3CECF8008727ED /* PeriodTypes+CoreDataProperties.m */ = {isa = PBXFileReference; fileEncoding = 4; lastKnownFileType = sourcecode.c.objc; path = "PeriodTypes+CoreDataProperties.m"; sourceTree = "<group>"; };
		84FDC4671D3CECF8008727ED /* PeriodTypes.h */ = {isa = PBXFileReference; fileEncoding = 4; lastKnownFileType = sourcecode.c.h; path = PeriodTypes.h; sourceTree = "<group>"; };
		84FDC4681D3CECF8008727ED /* PeriodTypes.m */ = {isa = PBXFileReference; fileEncoding = 4; lastKnownFileType = sourcecode.c.objc; path = PeriodTypes.m; sourceTree = "<group>"; };
		84FDC4691D3CECF8008727ED /* SocialNetworks+CoreDataProperties.h */ = {isa = PBXFileReference; fileEncoding = 4; lastKnownFileType = sourcecode.c.h; path = "SocialNetworks+CoreDataProperties.h"; sourceTree = "<group>"; };
		84FDC46A1D3CECF8008727ED /* SocialNetworks+CoreDataProperties.m */ = {isa = PBXFileReference; fileEncoding = 4; lastKnownFileType = sourcecode.c.objc; path = "SocialNetworks+CoreDataProperties.m"; sourceTree = "<group>"; };
		84FDC46B1D3CECF8008727ED /* SocialNetworks.h */ = {isa = PBXFileReference; fileEncoding = 4; lastKnownFileType = sourcecode.c.h; path = SocialNetworks.h; sourceTree = "<group>"; };
		84FDC46C1D3CECF8008727ED /* SocialNetworks.m */ = {isa = PBXFileReference; fileEncoding = 4; lastKnownFileType = sourcecode.c.objc; path = SocialNetworks.m; sourceTree = "<group>"; };
		84FDC46D1D3CECF8008727ED /* HotSpotActivitiesDefault+CoreDataProperties.h */ = {isa = PBXFileReference; fileEncoding = 4; lastKnownFileType = sourcecode.c.h; path = "HotSpotActivitiesDefault+CoreDataProperties.h"; sourceTree = "<group>"; };
		84FDC46E1D3CECF8008727ED /* HotSpotActivitiesDefault+CoreDataProperties.m */ = {isa = PBXFileReference; fileEncoding = 4; lastKnownFileType = sourcecode.c.objc; path = "HotSpotActivitiesDefault+CoreDataProperties.m"; sourceTree = "<group>"; };
		84FDC46F1D3CECF8008727ED /* HotSpotActivitiesDefault.h */ = {isa = PBXFileReference; fileEncoding = 4; lastKnownFileType = sourcecode.c.h; path = HotSpotActivitiesDefault.h; sourceTree = "<group>"; };
		84FDC4701D3CECF8008727ED /* HotSpotActivitiesDefault.m */ = {isa = PBXFileReference; fileEncoding = 4; lastKnownFileType = sourcecode.c.objc; path = HotSpotActivitiesDefault.m; sourceTree = "<group>"; };
		84FDC4711D3CECF8008727ED /* Qualities+CoreDataProperties.h */ = {isa = PBXFileReference; fileEncoding = 4; lastKnownFileType = sourcecode.c.h; path = "Qualities+CoreDataProperties.h"; sourceTree = "<group>"; };
		84FDC4721D3CECF8008727ED /* Qualities+CoreDataProperties.m */ = {isa = PBXFileReference; fileEncoding = 4; lastKnownFileType = sourcecode.c.objc; path = "Qualities+CoreDataProperties.m"; sourceTree = "<group>"; };
		84FDC4731D3CECF8008727ED /* Qualities.h */ = {isa = PBXFileReference; fileEncoding = 4; lastKnownFileType = sourcecode.c.h; path = Qualities.h; sourceTree = "<group>"; };
		84FDC4741D3CECF8008727ED /* Qualities.m */ = {isa = PBXFileReference; fileEncoding = 4; lastKnownFileType = sourcecode.c.objc; path = Qualities.m; sourceTree = "<group>"; };
		84FDC4751D3CECF8008727ED /* Priorities+CoreDataProperties.h */ = {isa = PBXFileReference; fileEncoding = 4; lastKnownFileType = sourcecode.c.h; path = "Priorities+CoreDataProperties.h"; sourceTree = "<group>"; };
		84FDC4761D3CECF8008727ED /* Priorities+CoreDataProperties.m */ = {isa = PBXFileReference; fileEncoding = 4; lastKnownFileType = sourcecode.c.objc; path = "Priorities+CoreDataProperties.m"; sourceTree = "<group>"; };
		84FDC4771D3CECF8008727ED /* Priorities.h */ = {isa = PBXFileReference; fileEncoding = 4; lastKnownFileType = sourcecode.c.h; path = Priorities.h; sourceTree = "<group>"; };
		84FDC4781D3CECF8008727ED /* Priorities.m */ = {isa = PBXFileReference; fileEncoding = 4; lastKnownFileType = sourcecode.c.objc; path = Priorities.m; sourceTree = "<group>"; };
		84FDC4791D3CECF8008727ED /* HotSpotCategories+CoreDataProperties.h */ = {isa = PBXFileReference; fileEncoding = 4; lastKnownFileType = sourcecode.c.h; path = "HotSpotCategories+CoreDataProperties.h"; sourceTree = "<group>"; };
		84FDC47A1D3CECF8008727ED /* HotSpotCategories+CoreDataProperties.m */ = {isa = PBXFileReference; fileEncoding = 4; lastKnownFileType = sourcecode.c.objc; path = "HotSpotCategories+CoreDataProperties.m"; sourceTree = "<group>"; };
		84FDC47B1D3CECF8008727ED /* HotSpotCategories.h */ = {isa = PBXFileReference; fileEncoding = 4; lastKnownFileType = sourcecode.c.h; path = HotSpotCategories.h; sourceTree = "<group>"; };
		84FDC47C1D3CECF8008727ED /* HotSpotCategories.m */ = {isa = PBXFileReference; fileEncoding = 4; lastKnownFileType = sourcecode.c.objc; path = HotSpotCategories.m; sourceTree = "<group>"; };
		84FDC47D1D3CECF8008727ED /* Difficulties+CoreDataProperties.h */ = {isa = PBXFileReference; fileEncoding = 4; lastKnownFileType = sourcecode.c.h; path = "Difficulties+CoreDataProperties.h"; sourceTree = "<group>"; };
		84FDC47E1D3CECF8008727ED /* Difficulties+CoreDataProperties.m */ = {isa = PBXFileReference; fileEncoding = 4; lastKnownFileType = sourcecode.c.objc; path = "Difficulties+CoreDataProperties.m"; sourceTree = "<group>"; };
		84FDC47F1D3CECF8008727ED /* Difficulties.h */ = {isa = PBXFileReference; fileEncoding = 4; lastKnownFileType = sourcecode.c.h; path = Difficulties.h; sourceTree = "<group>"; };
		84FDC4801D3CECF8008727ED /* Difficulties.m */ = {isa = PBXFileReference; fileEncoding = 4; lastKnownFileType = sourcecode.c.objc; path = Difficulties.m; sourceTree = "<group>"; };
		84FDC4811D3CECF8008727ED /* Energies+CoreDataProperties.h */ = {isa = PBXFileReference; fileEncoding = 4; lastKnownFileType = sourcecode.c.h; path = "Energies+CoreDataProperties.h"; sourceTree = "<group>"; };
		84FDC4821D3CECF8008727ED /* Energies+CoreDataProperties.m */ = {isa = PBXFileReference; fileEncoding = 4; lastKnownFileType = sourcecode.c.objc; path = "Energies+CoreDataProperties.m"; sourceTree = "<group>"; };
		84FDC4831D3CECF8008727ED /* Energies.h */ = {isa = PBXFileReference; fileEncoding = 4; lastKnownFileType = sourcecode.c.h; path = Energies.h; sourceTree = "<group>"; };
		84FDC4841D3CECF8008727ED /* Energies.m */ = {isa = PBXFileReference; fileEncoding = 4; lastKnownFileType = sourcecode.c.objc; path = Energies.m; sourceTree = "<group>"; };
		84FDC4851D3CECF8008727ED /* Locations+CoreDataProperties.h */ = {isa = PBXFileReference; fileEncoding = 4; lastKnownFileType = sourcecode.c.h; path = "Locations+CoreDataProperties.h"; sourceTree = "<group>"; };
		84FDC4861D3CECF8008727ED /* Locations+CoreDataProperties.m */ = {isa = PBXFileReference; fileEncoding = 4; lastKnownFileType = sourcecode.c.objc; path = "Locations+CoreDataProperties.m"; sourceTree = "<group>"; };
		84FDC4871D3CECF8008727ED /* Locations.h */ = {isa = PBXFileReference; fileEncoding = 4; lastKnownFileType = sourcecode.c.h; path = Locations.h; sourceTree = "<group>"; };
		84FDC4881D3CECF8008727ED /* Locations.m */ = {isa = PBXFileReference; fileEncoding = 4; lastKnownFileType = sourcecode.c.objc; path = Locations.m; sourceTree = "<group>"; };
		F921925BE7F2ABC2F97737D3 /* Pods-DayByDay.release.xcconfig */ = {isa = PBXFileReference; includeInIndex = 1; lastKnownFileType = text.xcconfig; name = "Pods-DayByDay.release.xcconfig"; path = "Pods/Target Support Files/Pods-DayByDay/Pods-DayByDay.release.xcconfig"; sourceTree = "<group>"; };
/* End PBXFileReference section */

/* Begin PBXFrameworksBuildPhase section */
		84E298A81C4CF4A000DF48B2 /* Frameworks */ = {
			isa = PBXFrameworksBuildPhase;
			buildActionMask = 2147483647;
			files = (
				8431489B1D4E36BC00AA1B06 /* QuartzCore.framework in Frameworks */,
				91D7AB0D1F0C13D00EE6D5FD /* libPods-DayByDay.a in Frameworks */,
			);
			runOnlyForDeploymentPostprocessing = 0;
		};
/* End PBXFrameworksBuildPhase section */

/* Begin PBXGroup section */
		842237901CAAF5A300745C3B /* SWRevealViewController */ = {
			isa = PBXGroup;
			children = (
				842237911CAAF5B300745C3B /* SWRevealViewController.h */,
				842237921CAAF5B300745C3B /* SWRevealViewController.m */,
			);
			name = SWRevealViewController;
			sourceTree = "<group>";
		};
		843223091C5D21DA009D21D2 /* API */ = {
			isa = PBXGroup;
			children = (
				84E458E21C5D183400779E3F /* Constants.h */,
				84E458E31C5D183400779E3F /* Constants.m */,
				8432230A1C5D269D009D21D2 /* API.h */,
				8432230B1C5D269D009D21D2 /* API.m */,
			);
			name = API;
			sourceTree = "<group>";
		};
		84734C821D291E100017E99B /* files */ = {
			isa = PBXGroup;
			children = (
				84734C831D291E1B0017E99B /* images */,
			);
			name = files;
			sourceTree = "<group>";
		};
		84734C831D291E1B0017E99B /* images */ = {
			isa = PBXGroup;
			children = (
				84799DC71D469DEF009B50A8 /* archive.png */,
				84799DBD1D469D5B009B50A8 /* day.png */,
				84799DCD1D469E8F009B50A8 /* hot_spot.png */,
				84799DC81D469DEF009B50A8 /* help.png */,
				84DBD5471D5273B500CCF2EE /* friday.png */,
				84799DCF1D46A2DC009B50A8 /* menu.png */,
				84DBD5481D5273B500CCF2EE /* monday.png */,
				84799DBE1D469D5B009B50A8 /* month.png */,
				84DBD5451D52739400CCF2EE /* no_avatar.png */,
				84799DBF1D469D5B009B50A8 /* quarter.png */,
				84799DC91D469DEF009B50A8 /* settings.png */,
				843148981D4DFD6200AA1B06 /* sync.png */,
				84799DC01D469D5B009B50A8 /* week.png */,
				84799DC11D469D5B009B50A8 /* year.png */,
			);
			name = images;
			sourceTree = "<group>";
		};
		84DBEBCF1C62163300D42B7E /* Classes */ = {
			isa = PBXGroup;
			children = (
				842237901CAAF5A300745C3B /* SWRevealViewController */,
				84E01AA31C67E04B00B502F8 /* DataController.h */,
				84E01AA41C67E04B00B502F8 /* DataController.m */,
				84E01AA01C67E01100B502F8 /* ResultDataController.h */,
				84E01AA11C67E01100B502F8 /* ResultDataController.m */,
				84DBEBCC1C62162700D42B7E /* UserDataController.h */,
				84DBEBCD1C62162700D42B7E /* UserDataController.m */,
				84E24CBB1CAE7CB200090044 /* Sync */,
			);
			name = Classes;
			sourceTree = "<group>";
		};
		84E24CBB1CAE7CB200090044 /* Sync */ = {
			isa = PBXGroup;
			children = (
				84E24CB81CAE7A6D00090044 /* Sync.h */,
				84E24CB91CAE7A6D00090044 /* Sync.m */,
				84E24CC21CAE7D1800090044 /* ServerToDeviceSync.h */,
				84E24CC31CAE7D1800090044 /* ServerToDeviceSync.m */,
				84E24CC51CAE7D2400090044 /* DeviceToServerSync.h */,
				84E24CC61CAE7D2400090044 /* DeviceToServerSync.m */,
				84308CD21D28E58800B72D83 /* DBRemover.h */,
				84308CD31D28E58900B72D83 /* DBRemover.m */,
			);
			name = Sync;
			sourceTree = "<group>";
		};
		84E298A21C4CF4A000DF48B2 = {
			isa = PBXGroup;
			children = (
				84E298AD1C4CF4A000DF48B2 /* DayByDay */,
				84E298AC1C4CF4A000DF48B2 /* Products */,
				A19DBD20C886B6B23E50052F /* Pods */,
				C3BAD6DD5D7CC08592B7FA25 /* Frameworks */,
			);
			sourceTree = "<group>";
		};
		84E298AC1C4CF4A000DF48B2 /* Products */ = {
			isa = PBXGroup;
			children = (
				84E298AB1C4CF4A000DF48B2 /* DayByDay.app */,
			);
			name = Products;
			sourceTree = "<group>";
		};
		84E298AD1C4CF4A000DF48B2 /* DayByDay */ = {
			isa = PBXGroup;
			children = (
				84E298B11C4CF4A000DF48B2 /* DayByDayAppDelegate.h */,
				84E298B21C4CF4A000DF48B2 /* DayByDayAppDelegate.m */,
				84EACB551C6A6FF0006F3E2A /* ViewControllers */,
				843BEBAC1CAAF87A00EC485C /* Main.storyboard */,
				84DBD5501D527A2A00CCF2EE /* Localizable.strings */,
				84E298BD1C4CF4A000DF48B2 /* Assets.xcassets */,
				84E298BF1C4CF4A000DF48B2 /* LaunchScreen.storyboard */,
				84E298C21C4CF4A000DF48B2 /* Info.plist */,
				84E298BA1C4CF4A000DF48B2 /* DayByDay.xcdatamodeld */,
				84E298AE1C4CF4A000DF48B2 /* Supporting Files */,
				843223091C5D21DA009D21D2 /* API */,
				84DBEBCF1C62163300D42B7E /* Classes */,
				84E594C11CB12AAF00D586AC /* Core Data Classes */,
				84734C821D291E100017E99B /* files */,
			);
			path = DayByDay;
			sourceTree = "<group>";
		};
		84E298AE1C4CF4A000DF48B2 /* Supporting Files */ = {
			isa = PBXGroup;
			children = (
				84E298AF1C4CF4A000DF48B2 /* main.m */,
			);
			name = "Supporting Files";
			sourceTree = "<group>";
		};
		84E594C11CB12AAF00D586AC /* Core Data Classes */ = {
			isa = PBXGroup;
			children = (
				84306B5C1D31641200A15238 /* Variables+CoreDataProperties.h */,
				84306B5D1D31641200A15238 /* Variables+CoreDataProperties.m */,
				84306B5E1D31641200A15238 /* Variables.h */,
				84306B5F1D31641200A15238 /* Variables.m */,
				84FDC4311D3CECF7008727ED /* Results_References+CoreDataProperties.h */,
				84FDC4321D3CECF7008727ED /* Results_References+CoreDataProperties.m */,
				84FDC4331D3CECF7008727ED /* Results_References.h */,
				84FDC4341D3CECF7008727ED /* Results_References.m */,
				84FDC4351D3CECF7008727ED /* HotSpotsDefault+CoreDataProperties.h */,
				84FDC4361D3CECF7008727ED /* HotSpotsDefault+CoreDataProperties.m */,
				84FDC4371D3CECF7008727ED /* HotSpotsDefault.h */,
				84FDC4381D3CECF7008727ED /* HotSpotsDefault.m */,
				84FDC4391D3CECF7008727ED /* Rates+CoreDataProperties.h */,
				84FDC43A1D3CECF7008727ED /* Rates+CoreDataProperties.m */,
				84FDC43B1D3CECF7008727ED /* Rates.h */,
				84FDC43C1D3CECF7008727ED /* Rates.m */,
				84FDC43D1D3CECF7008727ED /* HotSpotCategoriesDefault+CoreDataProperties.h */,
				84FDC43E1D3CECF7008727ED /* HotSpotCategoriesDefault+CoreDataProperties.m */,
				84FDC43F1D3CECF8008727ED /* HotSpotCategoriesDefault.h */,
				84FDC4401D3CECF8008727ED /* HotSpotCategoriesDefault.m */,
				84FDC4411D3CECF8008727ED /* Users+CoreDataProperties.h */,
				84FDC4421D3CECF8008727ED /* Users+CoreDataProperties.m */,
				84FDC4431D3CECF8008727ED /* Users.h */,
				84FDC4441D3CECF8008727ED /* Users.m */,
				84FDC4451D3CECF8008727ED /* Users_SocialNetworks+CoreDataProperties.h */,
				84FDC4461D3CECF8008727ED /* Users_SocialNetworks+CoreDataProperties.m */,
				84FDC4471D3CECF8008727ED /* Users_SocialNetworks.h */,
				84FDC4481D3CECF8008727ED /* Users_SocialNetworks.m */,
				84FDC4491D3CECF8008727ED /* References+CoreDataProperties.h */,
				84FDC44A1D3CECF8008727ED /* References+CoreDataProperties.m */,
				84FDC44B1D3CECF8008727ED /* References.h */,
				84FDC44C1D3CECF8008727ED /* References.m */,
				84FDC44D1D3CECF8008727ED /* HotSpots+CoreDataProperties.h */,
				84FDC44E1D3CECF8008727ED /* HotSpots+CoreDataProperties.m */,
				84FDC44F1D3CECF8008727ED /* HotSpots.h */,
				84FDC4501D3CECF8008727ED /* HotSpots.m */,
				84FDC4511D3CECF8008727ED /* Results+CoreDataProperties.h */,
				84FDC4521D3CECF8008727ED /* Results+CoreDataProperties.m */,
				84FDC4531D3CECF8008727ED /* Results.h */,
				84FDC4541D3CECF8008727ED /* Results.m */,
				84FDC4551D3CECF8008727ED /* Tags_Results+CoreDataProperties.h */,
				84FDC4561D3CECF8008727ED /* Tags_Results+CoreDataProperties.m */,
				84FDC4571D3CECF8008727ED /* Tags_Results.h */,
				84FDC4581D3CECF8008727ED /* Tags_Results.m */,
				84FDC4591D3CECF8008727ED /* Tags+CoreDataProperties.h */,
				84FDC45A1D3CECF8008727ED /* Tags+CoreDataProperties.m */,
				84FDC45B1D3CECF8008727ED /* Tags.h */,
				84FDC45C1D3CECF8008727ED /* Tags.m */,
				84FDC45D1D3CECF8008727ED /* Results_Relationships+CoreDataProperties.h */,
				84FDC45E1D3CECF8008727ED /* Results_Relationships+CoreDataProperties.m */,
				84FDC45F1D3CECF8008727ED /* Results_Relationships.h */,
				84FDC4601D3CECF8008727ED /* Results_Relationships.m */,
				84FDC4611D3CECF8008727ED /* HotSpotActivities+CoreDataProperties.h */,
				84FDC4621D3CECF8008727ED /* HotSpotActivities+CoreDataProperties.m */,
				84FDC4631D3CECF8008727ED /* HotSpotActivities.h */,
				84FDC4641D3CECF8008727ED /* HotSpotActivities.m */,
				84FDC4651D3CECF8008727ED /* PeriodTypes+CoreDataProperties.h */,
				84FDC4661D3CECF8008727ED /* PeriodTypes+CoreDataProperties.m */,
				84FDC4671D3CECF8008727ED /* PeriodTypes.h */,
				84FDC4681D3CECF8008727ED /* PeriodTypes.m */,
				84FDC4691D3CECF8008727ED /* SocialNetworks+CoreDataProperties.h */,
				84FDC46A1D3CECF8008727ED /* SocialNetworks+CoreDataProperties.m */,
				84FDC46B1D3CECF8008727ED /* SocialNetworks.h */,
				84FDC46C1D3CECF8008727ED /* SocialNetworks.m */,
				84FDC46D1D3CECF8008727ED /* HotSpotActivitiesDefault+CoreDataProperties.h */,
				84FDC46E1D3CECF8008727ED /* HotSpotActivitiesDefault+CoreDataProperties.m */,
				84FDC46F1D3CECF8008727ED /* HotSpotActivitiesDefault.h */,
				84FDC4701D3CECF8008727ED /* HotSpotActivitiesDefault.m */,
				84FDC4711D3CECF8008727ED /* Qualities+CoreDataProperties.h */,
				84FDC4721D3CECF8008727ED /* Qualities+CoreDataProperties.m */,
				84FDC4731D3CECF8008727ED /* Qualities.h */,
				84FDC4741D3CECF8008727ED /* Qualities.m */,
				84FDC4751D3CECF8008727ED /* Priorities+CoreDataProperties.h */,
				84FDC4761D3CECF8008727ED /* Priorities+CoreDataProperties.m */,
				84FDC4771D3CECF8008727ED /* Priorities.h */,
				84FDC4781D3CECF8008727ED /* Priorities.m */,
				84FDC4791D3CECF8008727ED /* HotSpotCategories+CoreDataProperties.h */,
				84FDC47A1D3CECF8008727ED /* HotSpotCategories+CoreDataProperties.m */,
				84FDC47B1D3CECF8008727ED /* HotSpotCategories.h */,
				84FDC47C1D3CECF8008727ED /* HotSpotCategories.m */,
				84FDC47D1D3CECF8008727ED /* Difficulties+CoreDataProperties.h */,
				84FDC47E1D3CECF8008727ED /* Difficulties+CoreDataProperties.m */,
				84FDC47F1D3CECF8008727ED /* Difficulties.h */,
				84FDC4801D3CECF8008727ED /* Difficulties.m */,
				84FDC4811D3CECF8008727ED /* Energies+CoreDataProperties.h */,
				84FDC4821D3CECF8008727ED /* Energies+CoreDataProperties.m */,
				84FDC4831D3CECF8008727ED /* Energies.h */,
				84FDC4841D3CECF8008727ED /* Energies.m */,
				84FDC4851D3CECF8008727ED /* Locations+CoreDataProperties.h */,
				84FDC4861D3CECF8008727ED /* Locations+CoreDataProperties.m */,
				84FDC4871D3CECF8008727ED /* Locations.h */,
				84FDC4881D3CECF8008727ED /* Locations.m */,
				843148921D4DE6F500AA1B06 /* TagsDefault+CoreDataProperties.h */,
				843148931D4DE6F500AA1B06 /* TagsDefault+CoreDataProperties.m */,
				843148941D4DE6F500AA1B06 /* TagsDefault.h */,
				843148951D4DE6F500AA1B06 /* TagsDefault.m */,
			);
			name = "Core Data Classes";
			sourceTree = "<group>";
		};
		84EACB551C6A6FF0006F3E2A /* ViewControllers */ = {
			isa = PBXGroup;
			children = (
				8431488F1D4DE50500AA1B06 /* CreateResultTableViewController.h */,
				843148901D4DE50500AA1B06 /* CreateResultTableViewController.m */,
				84E298B41C4CF4A000DF48B2 /* LoginViewController.h */,
				84E298B51C4CF4A000DF48B2 /* LoginViewController.m */,
				8422378D1CAAF57E00745C3B /* MenuTableViewController.h */,
				8422378E1CAAF57E00745C3B /* MenuTableViewController.m */,
				84E1B3061C5F9F780041EA86 /* ResultTableViewController.h */,
				84E1B3071C5F9F780041EA86 /* ResultTableViewController.m */,
				84E1B3091C5FA6620041EA86 /* SignupViewController.h */,
				84E1B30A1C5FA6620041EA86 /* SignupViewController.m */,
				84799DD11D46A4F7009B50A8 /* SettingsTableViewController.h */,
				84799DD21D46A4F7009B50A8 /* SettingsTableViewController.m */,
			);
			name = ViewControllers;
			sourceTree = "<group>";
		};
		A19DBD20C886B6B23E50052F /* Pods */ = {
			isa = PBXGroup;
			children = (
				4FC01156A13C2B148A912DDF /* Pods-DayByDay.debug.xcconfig */,
				F921925BE7F2ABC2F97737D3 /* Pods-DayByDay.release.xcconfig */,
			);
			name = Pods;
			sourceTree = "<group>";
		};
		C3BAD6DD5D7CC08592B7FA25 /* Frameworks */ = {
			isa = PBXGroup;
			children = (
				8431489A1D4E36BC00AA1B06 /* QuartzCore.framework */,
				142E5BEFE0FA1508F43EB9A2 /* libPods-DayByDay.a */,
			);
			name = Frameworks;
			sourceTree = "<group>";
		};
/* End PBXGroup section */

/* Begin PBXNativeTarget section */
		84E298AA1C4CF4A000DF48B2 /* DayByDay */ = {
			isa = PBXNativeTarget;
			buildConfigurationList = 84E298C51C4CF4A000DF48B2 /* Build configuration list for PBXNativeTarget "DayByDay" */;
			buildPhases = (
				AF30474242EEC591CC00E355 /* 📦 Check Pods Manifest.lock */,
				84E298A71C4CF4A000DF48B2 /* Sources */,
				84E298A81C4CF4A000DF48B2 /* Frameworks */,
				84E298A91C4CF4A000DF48B2 /* Resources */,
				EE78962F1E7724019708F52C /* 📦 Embed Pods Frameworks */,
				8C86D17E4668C28B093F56BF /* 📦 Copy Pods Resources */,
			);
			buildRules = (
			);
			dependencies = (
			);
			name = DayByDay;
			productName = DayByDay;
			productReference = 84E298AB1C4CF4A000DF48B2 /* DayByDay.app */;
			productType = "com.apple.product-type.application";
		};
/* End PBXNativeTarget section */

/* Begin PBXProject section */
		84E298A31C4CF4A000DF48B2 /* Project object */ = {
			isa = PBXProject;
			attributes = {
				LastUpgradeCheck = 0700;
				ORGANIZATIONNAME = "Sevastyan Rakhimov";
				TargetAttributes = {
					84E298AA1C4CF4A000DF48B2 = {
						CreatedOnToolsVersion = 7.0.1;
						DevelopmentTeam = ZRFRWCTZ52;
					};
				};
			};
			buildConfigurationList = 84E298A61C4CF4A000DF48B2 /* Build configuration list for PBXProject "DayByDay" */;
			compatibilityVersion = "Xcode 3.2";
			developmentRegion = English;
			hasScannedForEncodings = 0;
			knownRegions = (
				Base,
				en,
				ru,
			);
			mainGroup = 84E298A21C4CF4A000DF48B2;
			productRefGroup = 84E298AC1C4CF4A000DF48B2 /* Products */;
			projectDirPath = "";
			projectRoot = "";
			targets = (
				84E298AA1C4CF4A000DF48B2 /* DayByDay */,
			);
		};
/* End PBXProject section */

/* Begin PBXResourcesBuildPhase section */
		84E298A91C4CF4A000DF48B2 /* Resources */ = {
			isa = PBXResourcesBuildPhase;
			buildActionMask = 2147483647;
			files = (
				84799DCC1D469DEF009B50A8 /* settings.png in Resources */,
				843BEBAE1CAAF87A00EC485C /* Main.storyboard in Resources */,
				84799DC21D469D5B009B50A8 /* day.png in Resources */,
				84799DC61D469D5B009B50A8 /* year.png in Resources */,
				84799DD01D46A2DC009B50A8 /* menu.png in Resources */,
				84799DC31D469D5B009B50A8 /* month.png in Resources */,
				84E298C11C4CF4A000DF48B2 /* LaunchScreen.storyboard in Resources */,
				84799DCE1D469E8F009B50A8 /* hot_spot.png in Resources */,
				84DBD54A1D5273B500CCF2EE /* monday.png in Resources */,
				84799DC41D469D5B009B50A8 /* quarter.png in Resources */,
				84E298BE1C4CF4A000DF48B2 /* Assets.xcassets in Resources */,
				84DBD5461D52739400CCF2EE /* no_avatar.png in Resources */,
				843148991D4DFD6200AA1B06 /* sync.png in Resources */,
				84DBD5521D527A2A00CCF2EE /* Localizable.strings in Resources */,
				84DBD5491D5273B500CCF2EE /* friday.png in Resources */,
				84799DCA1D469DEF009B50A8 /* archive.png in Resources */,
				84799DCB1D469DEF009B50A8 /* help.png in Resources */,
				84799DC51D469D5B009B50A8 /* week.png in Resources */,
			);
			runOnlyForDeploymentPostprocessing = 0;
		};
/* End PBXResourcesBuildPhase section */

/* Begin PBXShellScriptBuildPhase section */
		8C86D17E4668C28B093F56BF /* 📦 Copy Pods Resources */ = {
			isa = PBXShellScriptBuildPhase;
			buildActionMask = 2147483647;
			files = (
			);
			inputPaths = (
			);
			name = "📦 Copy Pods Resources";
			outputPaths = (
			);
			runOnlyForDeploymentPostprocessing = 0;
			shellPath = /bin/sh;
			shellScript = "\"${SRCROOT}/Pods/Target Support Files/Pods-DayByDay/Pods-DayByDay-resources.sh\"\n";
			showEnvVarsInLog = 0;
		};
		AF30474242EEC591CC00E355 /* 📦 Check Pods Manifest.lock */ = {
			isa = PBXShellScriptBuildPhase;
			buildActionMask = 2147483647;
			files = (
			);
			inputPaths = (
			);
			name = "📦 Check Pods Manifest.lock";
			outputPaths = (
			);
			runOnlyForDeploymentPostprocessing = 0;
			shellPath = /bin/sh;
			shellScript = "diff \"${PODS_ROOT}/../Podfile.lock\" \"${PODS_ROOT}/Manifest.lock\" > /dev/null\nif [[ $? != 0 ]] ; then\n    cat << EOM\nerror: The sandbox is not in sync with the Podfile.lock. Run 'pod install' or update your CocoaPods installation.\nEOM\n    exit 1\nfi\n";
			showEnvVarsInLog = 0;
		};
		EE78962F1E7724019708F52C /* 📦 Embed Pods Frameworks */ = {
			isa = PBXShellScriptBuildPhase;
			buildActionMask = 2147483647;
			files = (
			);
			inputPaths = (
			);
			name = "📦 Embed Pods Frameworks";
			outputPaths = (
			);
			runOnlyForDeploymentPostprocessing = 0;
			shellPath = /bin/sh;
			shellScript = "\"${SRCROOT}/Pods/Target Support Files/Pods-DayByDay/Pods-DayByDay-frameworks.sh\"\n";
			showEnvVarsInLog = 0;
		};
/* End PBXShellScriptBuildPhase section */

/* Begin PBXSourcesBuildPhase section */
		84E298A71C4CF4A000DF48B2 /* Sources */ = {
			isa = PBXSourcesBuildPhase;
			buildActionMask = 2147483647;
			files = (
				84E24CBA1CAE7A6D00090044 /* Sync.m in Sources */,
				84FDC48D1D3CECF8008727ED /* Rates+CoreDataProperties.m in Sources */,
				843148911D4DE50500AA1B06 /* CreateResultTableViewController.m in Sources */,
				84FDC4A51D3CECF8008727ED /* SocialNetworks+CoreDataProperties.m in Sources */,
				84FDC4A91D3CECF8008727ED /* Qualities+CoreDataProperties.m in Sources */,
				84FDC4A71D3CECF8008727ED /* HotSpotActivitiesDefault+CoreDataProperties.m in Sources */,
				84FDC4B11D3CECF8008727ED /* Energies+CoreDataProperties.m in Sources */,
				84FDC48E1D3CECF8008727ED /* Rates.m in Sources */,
				84FDC4A01D3CECF8008727ED /* Results_Relationships.m in Sources */,
				843148961D4DE6F500AA1B06 /* TagsDefault+CoreDataProperties.m in Sources */,
				84FDC4B21D3CECF8008727ED /* Energies.m in Sources */,
				84FDC4951D3CECF8008727ED /* References+CoreDataProperties.m in Sources */,
				84FDC4A31D3CECF8008727ED /* PeriodTypes+CoreDataProperties.m in Sources */,
				84FDC4981D3CECF8008727ED /* HotSpots.m in Sources */,
				8432230C1C5D269D009D21D2 /* API.m in Sources */,
				84FDC4931D3CECF8008727ED /* Users_SocialNetworks+CoreDataProperties.m in Sources */,
				84FDC4901D3CECF8008727ED /* HotSpotCategoriesDefault.m in Sources */,
				84FDC4921D3CECF8008727ED /* Users.m in Sources */,
				84308CD41D28E58900B72D83 /* DBRemover.m in Sources */,
				84FDC4B41D3CECF8008727ED /* Locations.m in Sources */,
				84FDC4AD1D3CECF8008727ED /* HotSpotCategories+CoreDataProperties.m in Sources */,
				84E458E41C5D183400779E3F /* Constants.m in Sources */,
				84FDC4A81D3CECF8008727ED /* HotSpotActivitiesDefault.m in Sources */,
				84FDC4AE1D3CECF8008727ED /* HotSpotCategories.m in Sources */,
				84E298BC1C4CF4A000DF48B2 /* DayByDay.xcdatamodeld in Sources */,
				84FDC4B31D3CECF8008727ED /* Locations+CoreDataProperties.m in Sources */,
				84FDC4991D3CECF8008727ED /* Results+CoreDataProperties.m in Sources */,
				84FDC4A41D3CECF8008727ED /* PeriodTypes.m in Sources */,
				84FDC49D1D3CECF8008727ED /* Tags+CoreDataProperties.m in Sources */,
				84FDC4A61D3CECF8008727ED /* SocialNetworks.m in Sources */,
				84FDC4971D3CECF8008727ED /* HotSpots+CoreDataProperties.m in Sources */,
				84306B601D31641200A15238 /* Variables+CoreDataProperties.m in Sources */,
				84E1B3081C5F9F780041EA86 /* ResultTableViewController.m in Sources */,
				84FDC4B01D3CECF8008727ED /* Difficulties.m in Sources */,
				84FDC4891D3CECF8008727ED /* Results_References+CoreDataProperties.m in Sources */,
				84E298B61C4CF4A000DF48B2 /* LoginViewController.m in Sources */,
				84FDC49B1D3CECF8008727ED /* Tags_Results+CoreDataProperties.m in Sources */,
				84E298B31C4CF4A000DF48B2 /* DayByDayAppDelegate.m in Sources */,
				842237931CAAF5B300745C3B /* SWRevealViewController.m in Sources */,
				84FDC4A11D3CECF8008727ED /* HotSpotActivities+CoreDataProperties.m in Sources */,
				84E01AA51C67E04B00B502F8 /* DataController.m in Sources */,
				84FDC48C1D3CECF8008727ED /* HotSpotsDefault.m in Sources */,
				8422378F1CAAF57E00745C3B /* MenuTableViewController.m in Sources */,
				84FDC4AF1D3CECF8008727ED /* Difficulties+CoreDataProperties.m in Sources */,
				84306B611D31641200A15238 /* Variables.m in Sources */,
				84FDC4911D3CECF8008727ED /* Users+CoreDataProperties.m in Sources */,
				84FDC4AA1D3CECF8008727ED /* Qualities.m in Sources */,
				84FDC48F1D3CECF8008727ED /* HotSpotCategoriesDefault+CoreDataProperties.m in Sources */,
				84799DD31D46A4F7009B50A8 /* SettingsTableViewController.m in Sources */,
				84E01AA21C67E01100B502F8 /* ResultDataController.m in Sources */,
				84DBEBCE1C62162700D42B7E /* UserDataController.m in Sources */,
				84FDC4AC1D3CECF8008727ED /* Priorities.m in Sources */,
				84FDC48B1D3CECF8008727ED /* HotSpotsDefault+CoreDataProperties.m in Sources */,
				84FDC49E1D3CECF8008727ED /* Tags.m in Sources */,
				84FDC4961D3CECF8008727ED /* References.m in Sources */,
				84FDC4941D3CECF8008727ED /* Users_SocialNetworks.m in Sources */,
				84FDC49C1D3CECF8008727ED /* Tags_Results.m in Sources */,
				84E1B30B1C5FA6620041EA86 /* SignupViewController.m in Sources */,
				84FDC49F1D3CECF8008727ED /* Results_Relationships+CoreDataProperties.m in Sources */,
				84E24CC41CAE7D1800090044 /* ServerToDeviceSync.m in Sources */,
				84FDC49A1D3CECF8008727ED /* Results.m in Sources */,
				84E24CC71CAE7D2400090044 /* DeviceToServerSync.m in Sources */,
				84FDC4AB1D3CECF8008727ED /* Priorities+CoreDataProperties.m in Sources */,
				843148971D4DE6F500AA1B06 /* TagsDefault.m in Sources */,
				84FDC48A1D3CECF8008727ED /* Results_References.m in Sources */,
				84FDC4A21D3CECF8008727ED /* HotSpotActivities.m in Sources */,
				84E298B01C4CF4A000DF48B2 /* main.m in Sources */,
			);
			runOnlyForDeploymentPostprocessing = 0;
		};
/* End PBXSourcesBuildPhase section */

/* Begin PBXVariantGroup section */
		843BEBAC1CAAF87A00EC485C /* Main.storyboard */ = {
			isa = PBXVariantGroup;
			children = (
				843BEBAD1CAAF87A00EC485C /* Base */,
				845C62B81D60B93B003D0726 /* en */,
				845C62BC1D60BB87003D0726 /* ru */,
			);
			name = Main.storyboard;
			sourceTree = "<group>";
		};
		84DBD5501D527A2A00CCF2EE /* Localizable.strings */ = {
			isa = PBXVariantGroup;
			children = (
				84DBD5511D527A2A00CCF2EE /* ru */,
				84DBD5531D527A4200CCF2EE /* en */,
			);
			name = Localizable.strings;
			sourceTree = "<group>";
		};
		84E298BF1C4CF4A000DF48B2 /* LaunchScreen.storyboard */ = {
			isa = PBXVariantGroup;
			children = (
				84E298C01C4CF4A000DF48B2 /* Base */,
			);
			name = LaunchScreen.storyboard;
			sourceTree = "<group>";
		};
/* End PBXVariantGroup section */

/* Begin XCBuildConfiguration section */
		84E298C31C4CF4A000DF48B2 /* Debug */ = {
			isa = XCBuildConfiguration;
			buildSettings = {
				ALWAYS_SEARCH_USER_PATHS = NO;
				CLANG_CXX_LANGUAGE_STANDARD = "gnu++0x";
				CLANG_CXX_LIBRARY = "libc++";
				CLANG_ENABLE_MODULES = YES;
				CLANG_ENABLE_OBJC_ARC = YES;
				CLANG_WARN_BOOL_CONVERSION = YES;
				CLANG_WARN_CONSTANT_CONVERSION = YES;
				CLANG_WARN_DIRECT_OBJC_ISA_USAGE = YES_ERROR;
				CLANG_WARN_EMPTY_BODY = YES;
				CLANG_WARN_ENUM_CONVERSION = YES;
				CLANG_WARN_INT_CONVERSION = YES;
				CLANG_WARN_OBJC_ROOT_CLASS = YES_ERROR;
				CLANG_WARN_UNREACHABLE_CODE = YES;
				CLANG_WARN__DUPLICATE_METHOD_MATCH = YES;
				"CODE_SIGN_IDENTITY[sdk=iphoneos*]" = "iPhone Developer";
				COPY_PHASE_STRIP = NO;
				DEBUG_INFORMATION_FORMAT = dwarf;
				ENABLE_STRICT_OBJC_MSGSEND = YES;
				ENABLE_TESTABILITY = YES;
				GCC_C_LANGUAGE_STANDARD = gnu99;
				GCC_DYNAMIC_NO_PIC = NO;
				GCC_NO_COMMON_BLOCKS = YES;
				GCC_OPTIMIZATION_LEVEL = 0;
				GCC_PREPROCESSOR_DEFINITIONS = (
					"DEBUG=1",
					"$(inherited)",
				);
				GCC_WARN_64_TO_32_BIT_CONVERSION = YES;
				GCC_WARN_ABOUT_RETURN_TYPE = YES_ERROR;
				GCC_WARN_UNDECLARED_SELECTOR = YES;
				GCC_WARN_UNINITIALIZED_AUTOS = YES_AGGRESSIVE;
				GCC_WARN_UNUSED_FUNCTION = YES;
				GCC_WARN_UNUSED_VARIABLE = YES;
				HEADER_SEARCH_PATHS = "/usr/local/mysql-connector-c-6.1.6-osx10.8-x86_64/include";
				IPHONEOS_DEPLOYMENT_TARGET = 9.0;
				LIBRARY_SEARCH_PATHS = "/usr/local/mysql-connector-c-6.1.6-osx10.8-x86_64/lib";
				MTL_ENABLE_DEBUG_INFO = YES;
				ONLY_ACTIVE_ARCH = YES;
				SDKROOT = iphoneos;
			};
			name = Debug;
		};
		84E298C41C4CF4A000DF48B2 /* Release */ = {
			isa = XCBuildConfiguration;
			buildSettings = {
				ALWAYS_SEARCH_USER_PATHS = NO;
				CLANG_CXX_LANGUAGE_STANDARD = "gnu++0x";
				CLANG_CXX_LIBRARY = "libc++";
				CLANG_ENABLE_MODULES = YES;
				CLANG_ENABLE_OBJC_ARC = YES;
				CLANG_WARN_BOOL_CONVERSION = YES;
				CLANG_WARN_CONSTANT_CONVERSION = YES;
				CLANG_WARN_DIRECT_OBJC_ISA_USAGE = YES_ERROR;
				CLANG_WARN_EMPTY_BODY = YES;
				CLANG_WARN_ENUM_CONVERSION = YES;
				CLANG_WARN_INT_CONVERSION = YES;
				CLANG_WARN_OBJC_ROOT_CLASS = YES_ERROR;
				CLANG_WARN_UNREACHABLE_CODE = YES;
				CLANG_WARN__DUPLICATE_METHOD_MATCH = YES;
				"CODE_SIGN_IDENTITY[sdk=iphoneos*]" = "iPhone Developer";
				COPY_PHASE_STRIP = NO;
				DEBUG_INFORMATION_FORMAT = "dwarf-with-dsym";
				ENABLE_NS_ASSERTIONS = NO;
				ENABLE_STRICT_OBJC_MSGSEND = YES;
				GCC_C_LANGUAGE_STANDARD = gnu99;
				GCC_NO_COMMON_BLOCKS = YES;
				GCC_WARN_64_TO_32_BIT_CONVERSION = YES;
				GCC_WARN_ABOUT_RETURN_TYPE = YES_ERROR;
				GCC_WARN_UNDECLARED_SELECTOR = YES;
				GCC_WARN_UNINITIALIZED_AUTOS = YES_AGGRESSIVE;
				GCC_WARN_UNUSED_FUNCTION = YES;
				GCC_WARN_UNUSED_VARIABLE = YES;
				HEADER_SEARCH_PATHS = "/usr/local/mysql-connector-c-6.1.6-osx10.8-x86_64/include";
				IPHONEOS_DEPLOYMENT_TARGET = 9.0;
				LIBRARY_SEARCH_PATHS = "/usr/local/mysql-connector-c-6.1.6-osx10.8-x86_64/lib";
				MTL_ENABLE_DEBUG_INFO = NO;
				ONLY_ACTIVE_ARCH = YES;
				SDKROOT = iphoneos;
				VALIDATE_PRODUCT = YES;
			};
			name = Release;
		};
		84E298C61C4CF4A000DF48B2 /* Debug */ = {
			isa = XCBuildConfiguration;
			baseConfigurationReference = 4FC01156A13C2B148A912DDF /* Pods-DayByDay.debug.xcconfig */;
			buildSettings = {
				ASSETCATALOG_COMPILER_APPICON_NAME = AppIcon;
				CLANG_ENABLE_OBJC_ARC = YES;
				CODE_SIGN_IDENTITY = "iPhone Developer";
				"CODE_SIGN_IDENTITY[sdk=iphoneos*]" = "iPhone Developer";
				INFOPLIST_FILE = DayByDay/Info.plist;
				IPHONEOS_DEPLOYMENT_TARGET = 7.0;
				LD_RUNPATH_SEARCH_PATHS = "$(inherited) @executable_path/Frameworks";
				LIBRARY_SEARCH_PATHS = (
					"$(inherited)",
					"/usr/local/mysql-connector-c-6.1.6-osx10.8-x86_64/lib",
				);
				PRODUCT_BUNDLE_IDENTIFIER = SevastyanRakhimov.DayByDay;
				PRODUCT_NAME = "$(TARGET_NAME)";
				PROVISIONING_PROFILE = "";
				TARGETED_DEVICE_FAMILY = "1,2";
			};
			name = Debug;
		};
		84E298C71C4CF4A000DF48B2 /* Release */ = {
			isa = XCBuildConfiguration;
			baseConfigurationReference = F921925BE7F2ABC2F97737D3 /* Pods-DayByDay.release.xcconfig */;
			buildSettings = {
				ASSETCATALOG_COMPILER_APPICON_NAME = AppIcon;
				CLANG_ENABLE_OBJC_ARC = YES;
				CODE_SIGN_IDENTITY = "iPhone Developer";
				"CODE_SIGN_IDENTITY[sdk=iphoneos*]" = "iPhone Developer";
				INFOPLIST_FILE = DayByDay/Info.plist;
				IPHONEOS_DEPLOYMENT_TARGET = 7.0;
				LD_RUNPATH_SEARCH_PATHS = "$(inherited) @executable_path/Frameworks";
				LIBRARY_SEARCH_PATHS = (
					"$(inherited)",
					"/usr/local/mysql-connector-c-6.1.6-osx10.8-x86_64/lib",
				);
				PRODUCT_BUNDLE_IDENTIFIER = SevastyanRakhimov.DayByDay;
				PRODUCT_NAME = "$(TARGET_NAME)";
				PROVISIONING_PROFILE = "";
				TARGETED_DEVICE_FAMILY = "1,2";
			};
			name = Release;
		};
/* End XCBuildConfiguration section */

/* Begin XCConfigurationList section */
		84E298A61C4CF4A000DF48B2 /* Build configuration list for PBXProject "DayByDay" */ = {
			isa = XCConfigurationList;
			buildConfigurations = (
				84E298C31C4CF4A000DF48B2 /* Debug */,
				84E298C41C4CF4A000DF48B2 /* Release */,
			);
			defaultConfigurationIsVisible = 0;
			defaultConfigurationName = Release;
		};
		84E298C51C4CF4A000DF48B2 /* Build configuration list for PBXNativeTarget "DayByDay" */ = {
			isa = XCConfigurationList;
			buildConfigurations = (
				84E298C61C4CF4A000DF48B2 /* Debug */,
				84E298C71C4CF4A000DF48B2 /* Release */,
			);
			defaultConfigurationIsVisible = 0;
			defaultConfigurationName = Release;
		};
/* End XCConfigurationList section */

/* Begin XCVersionGroup section */
		84E298BA1C4CF4A000DF48B2 /* DayByDay.xcdatamodeld */ = {
			isa = XCVersionGroup;
			children = (
				84E298BB1C4CF4A000DF48B2 /* DayByDay.xcdatamodel */,
			);
			currentVersion = 84E298BB1C4CF4A000DF48B2 /* DayByDay.xcdatamodel */;
			path = DayByDay.xcdatamodeld;
			sourceTree = "<group>";
			versionGroupType = wrapper.xcdatamodel;
		};
/* End XCVersionGroup section */
	};
	rootObject = 84E298A31C4CF4A000DF48B2 /* Project object */;
}
